
Microsoft Visual Studio Solution File, Format Version 12.00
# Visual Studio Version 16
VisualStudioVersion = 16.0.31321.278
MinimumVisualStudioVersion = 10.0.40219.1
Project("{8BC9CEB8-8B4A-11D0-8D11-00A0C91BC942}") = "Project1", "Project1\Project1.vcxproj", "{673C1AEA-7EB5-4802-A287-ADFA685F1B67}"
EndProject
Project("{8BC9CEB8-8B4A-11D0-8D11-00A0C91BC942}") = "Project2", "Project2\Project2.vcxproj", "{64C3D686-8A16-4AA5-8E89-AFE8FA5241B6}"
EndProject
Project("{8BC9CEB8-8B4A-11D0-8D11-00A0C91BC942}") = "literal", "literal\literal.vcxproj", "{306DE455-F263-4084-B7F0-95B32358FEB9}"
EndProject
Project("{8BC9CEB8-8B4A-11D0-8D11-00A0C91BC942}") = "Project3", "Project3\Project3.vcxproj", "{5218125D-F1D5-421D-8902-AD33EBABB20F}"
EndProject
Project("{8BC9CEB8-8B4A-11D0-8D11-00A0C91BC942}") = "Project4", "Project4\Project4.vcxproj", "{B8C728BB-C63A-4F8A-8CDC-2CAF5194B921}"
EndProject
Project("{8BC9CEB8-8B4A-11D0-8D11-00A0C91BC942}") = "Project5", "Project5\Project5.vcxproj", "{08FAA4F5-F094-4705-AEF5-3086A54B029B}"
EndProject
Project("{8BC9CEB8-8B4A-11D0-8D11-00A0C91BC942}") = "Project6", "Project6\Project6.vcxproj", "{EF5D2EEE-3952-4F87-9FFC-CF213FA594B8}"
EndProject
Project("{8BC9CEB8-8B4A-11D0-8D11-00A0C91BC942}") = "Project7", "Project7\Project7.vcxproj", "{9BD17306-2B49-4AB9-88E8-7272CC66D724}"
EndProject
Project("{8BC9CEB8-8B4A-11D0-8D11-00A0C91BC942}") = "Project8", "Project8\Project8.vcxproj", "{F385FECF-A55C-408E-A4C3-90B6BE792C5B}"
EndProject
Project("{8BC9CEB8-8B4A-11D0-8D11-00A0C91BC942}") = "Project9", "Project9\Project9.vcxproj", "{098E2828-5416-4D86-B4B3-9E89C48D7A03}"
EndProject
Project("{8BC9CEB8-8B4A-11D0-8D11-00A0C91BC942}") = "Project10", "Project10\Project10.vcxproj", "{E73AF068-400B-4509-B796-82D9615B3170}"
EndProject
Project("{8BC9CEB8-8B4A-11D0-8D11-00A0C91BC942}") = "Project11", "Project11\Project11.vcxproj", "{48E2F2BF-6A56-4E01-975A-46F8EBEF2277}"
EndProject
Project("{8BC9CEB8-8B4A-11D0-8D11-00A0C91BC942}") = "Project12", "Project12\Project12.vcxproj", "{D7AB6E09-BBB5-4FEF-B27B-DE15338082DB}"
EndProject
Project("{8BC9CEB8-8B4A-11D0-8D11-00A0C91BC942}") = "Project13", "Project13\Project13.vcxproj", "{88260616-519F-4620-B657-FDAFE42EC9FB}"
EndProject
Project("{8BC9CEB8-8B4A-11D0-8D11-00A0C91BC942}") = "Project14", "Project14\Project14.vcxproj", "{68F5CAD9-3FF9-446C-9DCA-3B5C86D91164}"
EndProject
Project("{8BC9CEB8-8B4A-11D0-8D11-00A0C91BC942}") = "Project15", "Project15\Project15.vcxproj", "{A2225086-D5E6-469C-ABAF-A209BE7A6679}"
EndProject
Global
	GlobalSection(SolutionConfigurationPlatforms) = preSolution
		Debug|x64 = Debug|x64
		Debug|x86 = Debug|x86
		Release|x64 = Release|x64
		Release|x86 = Release|x86
	EndGlobalSection
	GlobalSection(ProjectConfigurationPlatforms) = postSolution
		{673C1AEA-7EB5-4802-A287-ADFA685F1B67}.Debug|x64.ActiveCfg = Debug|x64
		{673C1AEA-7EB5-4802-A287-ADFA685F1B67}.Debug|x64.Build.0 = Debug|x64
		{673C1AEA-7EB5-4802-A287-ADFA685F1B67}.Debug|x86.ActiveCfg = Debug|Win32
		{673C1AEA-7EB5-4802-A287-ADFA685F1B67}.Debug|x86.Build.0 = Debug|Win32
		{673C1AEA-7EB5-4802-A287-ADFA685F1B67}.Release|x64.ActiveCfg = Release|x64
		{673C1AEA-7EB5-4802-A287-ADFA685F1B67}.Release|x64.Build.0 = Release|x64
		{673C1AEA-7EB5-4802-A287-ADFA685F1B67}.Release|x86.ActiveCfg = Release|Win32
		{673C1AEA-7EB5-4802-A287-ADFA685F1B67}.Release|x86.Build.0 = Release|Win32
		{64C3D686-8A16-4AA5-8E89-AFE8FA5241B6}.Debug|x64.ActiveCfg = Debug|x64
		{64C3D686-8A16-4AA5-8E89-AFE8FA5241B6}.Debug|x64.Build.0 = Debug|x64
		{64C3D686-8A16-4AA5-8E89-AFE8FA5241B6}.Debug|x86.ActiveCfg = Debug|Win32
		{64C3D686-8A16-4AA5-8E89-AFE8FA5241B6}.Debug|x86.Build.0 = Debug|Win32
		{64C3D686-8A16-4AA5-8E89-AFE8FA5241B6}.Release|x64.ActiveCfg = Release|x64
		{64C3D686-8A16-4AA5-8E89-AFE8FA5241B6}.Release|x64.Build.0 = Release|x64
		{64C3D686-8A16-4AA5-8E89-AFE8FA5241B6}.Release|x86.ActiveCfg = Release|Win32
		{64C3D686-8A16-4AA5-8E89-AFE8FA5241B6}.Release|x86.Build.0 = Release|Win32
		{306DE455-F263-4084-B7F0-95B32358FEB9}.Debug|x64.ActiveCfg = Debug|x64
		{306DE455-F263-4084-B7F0-95B32358FEB9}.Debug|x64.Build.0 = Debug|x64
		{306DE455-F263-4084-B7F0-95B32358FEB9}.Debug|x86.ActiveCfg = Debug|Win32
		{306DE455-F263-4084-B7F0-95B32358FEB9}.Debug|x86.Build.0 = Debug|Win32
		{306DE455-F263-4084-B7F0-95B32358FEB9}.Release|x64.ActiveCfg = Release|x64
		{306DE455-F263-4084-B7F0-95B32358FEB9}.Release|x64.Build.0 = Release|x64
		{306DE455-F263-4084-B7F0-95B32358FEB9}.Release|x86.ActiveCfg = Release|Win32
		{306DE455-F263-4084-B7F0-95B32358FEB9}.Release|x86.Build.0 = Release|Win32
		{5218125D-F1D5-421D-8902-AD33EBABB20F}.Debug|x64.ActiveCfg = Debug|x64
		{5218125D-F1D5-421D-8902-AD33EBABB20F}.Debug|x64.Build.0 = Debug|x64
		{5218125D-F1D5-421D-8902-AD33EBABB20F}.Debug|x86.ActiveCfg = Debug|Win32
		{5218125D-F1D5-421D-8902-AD33EBABB20F}.Debug|x86.Build.0 = Debug|Win32
		{5218125D-F1D5-421D-8902-AD33EBABB20F}.Release|x64.ActiveCfg = Release|x64
		{5218125D-F1D5-421D-8902-AD33EBABB20F}.Release|x64.Build.0 = Release|x64
		{5218125D-F1D5-421D-8902-AD33EBABB20F}.Release|x86.ActiveCfg = Release|Win32
		{5218125D-F1D5-421D-8902-AD33EBABB20F}.Release|x86.Build.0 = Release|Win32
		{B8C728BB-C63A-4F8A-8CDC-2CAF5194B921}.Debug|x64.ActiveCfg = Debug|x64
		{B8C728BB-C63A-4F8A-8CDC-2CAF5194B921}.Debug|x64.Build.0 = Debug|x64
		{B8C728BB-C63A-4F8A-8CDC-2CAF5194B921}.Debug|x86.ActiveCfg = Debug|Win32
		{B8C728BB-C63A-4F8A-8CDC-2CAF5194B921}.Debug|x86.Build.0 = Debug|Win32
		{B8C728BB-C63A-4F8A-8CDC-2CAF5194B921}.Release|x64.ActiveCfg = Release|x64
		{B8C728BB-C63A-4F8A-8CDC-2CAF5194B921}.Release|x64.Build.0 = Release|x64
		{B8C728BB-C63A-4F8A-8CDC-2CAF5194B921}.Release|x86.ActiveCfg = Release|Win32
		{B8C728BB-C63A-4F8A-8CDC-2CAF5194B921}.Release|x86.Build.0 = Release|Win32
		{08FAA4F5-F094-4705-AEF5-3086A54B029B}.Debug|x64.ActiveCfg = Debug|x64
		{08FAA4F5-F094-4705-AEF5-3086A54B029B}.Debug|x64.Build.0 = Debug|x64
		{08FAA4F5-F094-4705-AEF5-3086A54B029B}.Debug|x86.ActiveCfg = Debug|Win32
		{08FAA4F5-F094-4705-AEF5-3086A54B029B}.Debug|x86.Build.0 = Debug|Win32
		{08FAA4F5-F094-4705-AEF5-3086A54B029B}.Release|x64.ActiveCfg = Release|x64
		{08FAA4F5-F094-4705-AEF5-3086A54B029B}.Release|x64.Build.0 = Release|x64
		{08FAA4F5-F094-4705-AEF5-3086A54B029B}.Release|x86.ActiveCfg = Release|Win32
		{08FAA4F5-F094-4705-AEF5-3086A54B029B}.Release|x86.Build.0 = Release|Win32
		{EF5D2EEE-3952-4F87-9FFC-CF213FA594B8}.Debug|x64.ActiveCfg = Debug|x64
		{EF5D2EEE-3952-4F87-9FFC-CF213FA594B8}.Debug|x64.Build.0 = Debug|x64
		{EF5D2EEE-3952-4F87-9FFC-CF213FA594B8}.Debug|x86.ActiveCfg = Debug|Win32
		{EF5D2EEE-3952-4F87-9FFC-CF213FA594B8}.Debug|x86.Build.0 = Debug|Win32
		{EF5D2EEE-3952-4F87-9FFC-CF213FA594B8}.Release|x64.ActiveCfg = Release|x64
		{EF5D2EEE-3952-4F87-9FFC-CF213FA594B8}.Release|x64.Build.0 = Release|x64
		{EF5D2EEE-3952-4F87-9FFC-CF213FA594B8}.Release|x86.ActiveCfg = Release|Win32
		{EF5D2EEE-3952-4F87-9FFC-CF213FA594B8}.Release|x86.Build.0 = Release|Win32
		{9BD17306-2B49-4AB9-88E8-7272CC66D724}.Debug|x64.ActiveCfg = Debug|x64
		{9BD17306-2B49-4AB9-88E8-7272CC66D724}.Debug|x64.Build.0 = Debug|x64
		{9BD17306-2B49-4AB9-88E8-7272CC66D724}.Debug|x86.ActiveCfg = Debug|Win32
		{9BD17306-2B49-4AB9-88E8-7272CC66D724}.Debug|x86.Build.0 = Debug|Win32
		{9BD17306-2B49-4AB9-88E8-7272CC66D724}.Release|x64.ActiveCfg = Release|x64
		{9BD17306-2B49-4AB9-88E8-7272CC66D724}.Release|x64.Build.0 = Release|x64
		{9BD17306-2B49-4AB9-88E8-7272CC66D724}.Release|x86.ActiveCfg = Release|Win32
		{9BD17306-2B49-4AB9-88E8-7272CC66D724}.Release|x86.Build.0 = Release|Win32
		{F385FECF-A55C-408E-A4C3-90B6BE792C5B}.Debug|x64.ActiveCfg = Debug|x64
		{F385FECF-A55C-408E-A4C3-90B6BE792C5B}.Debug|x64.Build.0 = Debug|x64
		{F385FECF-A55C-408E-A4C3-90B6BE792C5B}.Debug|x86.ActiveCfg = Debug|Win32
		{F385FECF-A55C-408E-A4C3-90B6BE792C5B}.Debug|x86.Build.0 = Debug|Win32
		{F385FECF-A55C-408E-A4C3-90B6BE792C5B}.Release|x64.ActiveCfg = Release|x64
		{F385FECF-A55C-408E-A4C3-90B6BE792C5B}.Release|x64.Build.0 = Release|x64
		{F385FECF-A55C-408E-A4C3-90B6BE792C5B}.Release|x86.ActiveCfg = Release|Win32
		{F385FECF-A55C-408E-A4C3-90B6BE792C5B}.Release|x86.Build.0 = Release|Win32
		{098E2828-5416-4D86-B4B3-9E89C48D7A03}.Debug|x64.ActiveCfg = Debug|x64
		{098E2828-5416-4D86-B4B3-9E89C48D7A03}.Debug|x64.Build.0 = Debug|x64
		{098E2828-5416-4D86-B4B3-9E89C48D7A03}.Debug|x86.ActiveCfg = Debug|Win32
		{098E2828-5416-4D86-B4B3-9E89C48D7A03}.Debug|x86.Build.0 = Debug|Win32
		{098E2828-5416-4D86-B4B3-9E89C48D7A03}.Release|x64.ActiveCfg = Release|x64
		{098E2828-5416-4D86-B4B3-9E89C48D7A03}.Release|x64.Build.0 = Release|x64
		{098E2828-5416-4D86-B4B3-9E89C48D7A03}.Release|x86.ActiveCfg = Release|Win32
		{098E2828-5416-4D86-B4B3-9E89C48D7A03}.Release|x86.Build.0 = Release|Win32
		{E73AF068-400B-4509-B796-82D9615B3170}.Debug|x64.ActiveCfg = Debug|x64
		{E73AF068-400B-4509-B796-82D9615B3170}.Debug|x64.Build.0 = Debug|x64
		{E73AF068-400B-4509-B796-82D9615B3170}.Debug|x86.ActiveCfg = Debug|Win32
		{E73AF068-400B-4509-B796-82D9615B3170}.Debug|x86.Build.0 = Debug|Win32
		{E73AF068-400B-4509-B796-82D9615B3170}.Release|x64.ActiveCfg = Release|x64
		{E73AF068-400B-4509-B796-82D9615B3170}.Release|x64.Build.0 = Release|x64
		{E73AF068-400B-4509-B796-82D9615B3170}.Release|x86.ActiveCfg = Release|Win32
		{E73AF068-400B-4509-B796-82D9615B3170}.Release|x86.Build.0 = Release|Win32
		{48E2F2BF-6A56-4E01-975A-46F8EBEF2277}.Debug|x64.ActiveCfg = Debug|x64
		{48E2F2BF-6A56-4E01-975A-46F8EBEF2277}.Debug|x64.Build.0 = Debug|x64
		{48E2F2BF-6A56-4E01-975A-46F8EBEF2277}.Debug|x86.ActiveCfg = Debug|Win32
		{48E2F2BF-6A56-4E01-975A-46F8EBEF2277}.Debug|x86.Build.0 = Debug|Win32
		{48E2F2BF-6A56-4E01-975A-46F8EBEF2277}.Release|x64.ActiveCfg = Release|x64
		{48E2F2BF-6A56-4E01-975A-46F8EBEF2277}.Release|x64.Build.0 = Release|x64
		{48E2F2BF-6A56-4E01-975A-46F8EBEF2277}.Release|x86.ActiveCfg = Release|Win32
		{48E2F2BF-6A56-4E01-975A-46F8EBEF2277}.Release|x86.Build.0 = Release|Win32
		{D7AB6E09-BBB5-4FEF-B27B-DE15338082DB}.Debug|x64.ActiveCfg = Debug|x64
		{D7AB6E09-BBB5-4FEF-B27B-DE15338082DB}.Debug|x64.Build.0 = Debug|x64
		{D7AB6E09-BBB5-4FEF-B27B-DE15338082DB}.Debug|x86.ActiveCfg = Debug|Win32
		{D7AB6E09-BBB5-4FEF-B27B-DE15338082DB}.Debug|x86.Build.0 = Debug|Win32
		{D7AB6E09-BBB5-4FEF-B27B-DE15338082DB}.Release|x64.ActiveCfg = Release|x64
		{D7AB6E09-BBB5-4FEF-B27B-DE15338082DB}.Release|x64.Build.0 = Release|x64
		{D7AB6E09-BBB5-4FEF-B27B-DE15338082DB}.Release|x86.ActiveCfg = Release|Win32
		{D7AB6E09-BBB5-4FEF-B27B-DE15338082DB}.Release|x86.Build.0 = Release|Win32
		{88260616-519F-4620-B657-FDAFE42EC9FB}.Debug|x64.ActiveCfg = Debug|x64
		{88260616-519F-4620-B657-FDAFE42EC9FB}.Debug|x64.Build.0 = Debug|x64
		{88260616-519F-4620-B657-FDAFE42EC9FB}.Debug|x86.ActiveCfg = Debug|Win32
		{88260616-519F-4620-B657-FDAFE42EC9FB}.Debug|x86.Build.0 = Debug|Win32
		{88260616-519F-4620-B657-FDAFE42EC9FB}.Release|x64.ActiveCfg = Release|x64
		{88260616-519F-4620-B657-FDAFE42EC9FB}.Release|x64.Build.0 = Release|x64
		{88260616-519F-4620-B657-FDAFE42EC9FB}.Release|x86.ActiveCfg = Release|Win32
		{88260616-519F-4620-B657-FDAFE42EC9FB}.Release|x86.Build.0 = Release|Win32
		{68F5CAD9-3FF9-446C-9DCA-3B5C86D91164}.Debug|x64.ActiveCfg = Debug|x64
		{68F5CAD9-3FF9-446C-9DCA-3B5C86D91164}.Debug|x64.Build.0 = Debug|x64
		{68F5CAD9-3FF9-446C-9DCA-3B5C86D91164}.Debug|x86.ActiveCfg = Debug|Win32
		{68F5CAD9-3FF9-446C-9DCA-3B5C86D91164}.Debug|x86.Build.0 = Debug|Win32
		{68F5CAD9-3FF9-446C-9DCA-3B5C86D91164}.Release|x64.ActiveCfg = Release|x64
		{68F5CAD9-3FF9-446C-9DCA-3B5C86D91164}.Release|x64.Build.0 = Release|x64
		{68F5CAD9-3FF9-446C-9DCA-3B5C86D91164}.Release|x86.ActiveCfg = Release|Win32
		{68F5CAD9-3FF9-446C-9DCA-3B5C86D91164}.Release|x86.Build.0 = Release|Win32
		{A2225086-D5E6-469C-ABAF-A209BE7A6679}.Debug|x64.ActiveCfg = Debug|x64
		{A2225086-D5E6-469C-ABAF-A209BE7A6679}.Debug|x64.Build.0 = Debug|x64
		{A2225086-D5E6-469C-ABAF-A209BE7A6679}.Debug|x86.ActiveCfg = Debug|Win32
		{A2225086-D5E6-469C-ABAF-A209BE7A6679}.Debug|x86.Build.0 = Debug|Win32
		{A2225086-D5E6-469C-ABAF-A209BE7A6679}.Release|x64.ActiveCfg = Release|x64
		{A2225086-D5E6-469C-ABAF-A209BE7A6679}.Release|x64.Build.0 = Release|x64
		{A2225086-D5E6-469C-ABAF-A209BE7A6679}.Release|x86.ActiveCfg = Release|Win32
		{A2225086-D5E6-469C-ABAF-A209BE7A6679}.Release|x86.Build.0 = Release|Win32
	EndGlobalSection
	GlobalSection(SolutionProperties) = preSolution
		HideSolutionNode = FALSE
	EndGlobalSection
	GlobalSection(ExtensibilityGlobals) = postSolution
		SolutionGuid = {488AA17A-81A7-4212-B426-E05B023A9063}
	EndGlobalSection
EndGlobal
