
Microsoft Visual Studio Solution File, Format Version 12.00
# Visual Studio Version 16
VisualStudioVersion = 16.0.31321.278
MinimumVisualStudioVersion = 10.0.40219.1
Project("{8BC9CEB8-8B4A-11D0-8D11-00A0C91BC942}") = "Const_1", "Day005\Day005.vcxproj", "{7C53B41A-7818-45AB-8A41-A910D65B70F6}"
EndProject
Project("{8BC9CEB8-8B4A-11D0-8D11-00A0C91BC942}") = "Const_2", "Const_2\Const_2.vcxproj", "{FDD9A691-23B3-4486-B9AE-BDFAC6C570B8}"
EndProject
Project("{8BC9CEB8-8B4A-11D0-8D11-00A0C91BC942}") = "Friend", "Friend\Friend.vcxproj", "{95DC7B6B-1147-4609-8C94-F0224F6294DE}"
EndProject
Project("{8BC9CEB8-8B4A-11D0-8D11-00A0C91BC942}") = "Friend_2", "Friend_2\Friend_2.vcxproj", "{3F9B5363-5115-466B-8AF1-3D967044A408}"
EndProject
Project("{8BC9CEB8-8B4A-11D0-8D11-00A0C91BC942}") = "Static_1", "Static_1\Static_1.vcxproj", "{99D50F6F-A41D-493F-AB00-F2A66C1A35FB}"
EndProject
Project("{8BC9CEB8-8B4A-11D0-8D11-00A0C91BC942}") = "Static_2", "Static_2\Static_2.vcxproj", "{79CFFECD-8D91-44E1-B06F-A514B1C7D693}"
EndProject
Project("{8BC9CEB8-8B4A-11D0-8D11-00A0C91BC942}") = "Static_3", "Static_3\Static_3.vcxproj", "{C0C665D1-4800-4FA9-A3B4-9E8604ED1936}"
EndProject
Project("{8BC9CEB8-8B4A-11D0-8D11-00A0C91BC942}") = "inheritance_1", "inheritance_1\inheritance_1.vcxproj", "{2E915FEB-3628-4812-9033-4583542B2E1F}"
EndProject
Project("{8BC9CEB8-8B4A-11D0-8D11-00A0C91BC942}") = "Inheritance_2", "Inheritance_2\Inheritance_2.vcxproj", "{3A1C34A7-E7F3-4445-B8E5-2FBA08038CC8}"
EndProject
Project("{8BC9CEB8-8B4A-11D0-8D11-00A0C91BC942}") = "Inheritance_3", "Inheritance_3\Inheritance_3.vcxproj", "{FB7D126D-D7AE-48A6-AF5E-55D90A4D16CF}"
EndProject
Project("{8BC9CEB8-8B4A-11D0-8D11-00A0C91BC942}") = "Inheritance_4", "Inheritance_4\Inheritance_4.vcxproj", "{F84AE746-105B-495E-9CED-6E73BC03A535}"
EndProject
Project("{8BC9CEB8-8B4A-11D0-8D11-00A0C91BC942}") = "Employee", "Employee\Employee.vcxproj", "{29C196CF-FB47-4BD4-A1CA-49621B0273E5}"
EndProject
Project("{8BC9CEB8-8B4A-11D0-8D11-00A0C91BC942}") = "Inheritance_5", "Inheritance_5\Inheritance_5.vcxproj", "{F77B743E-0207-487A-816B-1D1365422323}"
EndProject
Project("{8BC9CEB8-8B4A-11D0-8D11-00A0C91BC942}") = "Inheritance_6", "Inheritance_6\Inheritance_6.vcxproj", "{B086B7B5-4A7A-400F-A53F-B09B88C7A418}"
EndProject
Global
	GlobalSection(SolutionConfigurationPlatforms) = preSolution
		Debug|x64 = Debug|x64
		Debug|x86 = Debug|x86
		Release|x64 = Release|x64
		Release|x86 = Release|x86
	EndGlobalSection
	GlobalSection(ProjectConfigurationPlatforms) = postSolution
		{7C53B41A-7818-45AB-8A41-A910D65B70F6}.Debug|x64.ActiveCfg = Debug|x64
		{7C53B41A-7818-45AB-8A41-A910D65B70F6}.Debug|x64.Build.0 = Debug|x64
		{7C53B41A-7818-45AB-8A41-A910D65B70F6}.Debug|x86.ActiveCfg = Debug|Win32
		{7C53B41A-7818-45AB-8A41-A910D65B70F6}.Debug|x86.Build.0 = Debug|Win32
		{7C53B41A-7818-45AB-8A41-A910D65B70F6}.Release|x64.ActiveCfg = Release|x64
		{7C53B41A-7818-45AB-8A41-A910D65B70F6}.Release|x64.Build.0 = Release|x64
		{7C53B41A-7818-45AB-8A41-A910D65B70F6}.Release|x86.ActiveCfg = Release|Win32
		{7C53B41A-7818-45AB-8A41-A910D65B70F6}.Release|x86.Build.0 = Release|Win32
		{FDD9A691-23B3-4486-B9AE-BDFAC6C570B8}.Debug|x64.ActiveCfg = Debug|x64
		{FDD9A691-23B3-4486-B9AE-BDFAC6C570B8}.Debug|x64.Build.0 = Debug|x64
		{FDD9A691-23B3-4486-B9AE-BDFAC6C570B8}.Debug|x86.ActiveCfg = Debug|Win32
		{FDD9A691-23B3-4486-B9AE-BDFAC6C570B8}.Debug|x86.Build.0 = Debug|Win32
		{FDD9A691-23B3-4486-B9AE-BDFAC6C570B8}.Release|x64.ActiveCfg = Release|x64
		{FDD9A691-23B3-4486-B9AE-BDFAC6C570B8}.Release|x64.Build.0 = Release|x64
		{FDD9A691-23B3-4486-B9AE-BDFAC6C570B8}.Release|x86.ActiveCfg = Release|Win32
		{FDD9A691-23B3-4486-B9AE-BDFAC6C570B8}.Release|x86.Build.0 = Release|Win32
		{95DC7B6B-1147-4609-8C94-F0224F6294DE}.Debug|x64.ActiveCfg = Debug|x64
		{95DC7B6B-1147-4609-8C94-F0224F6294DE}.Debug|x64.Build.0 = Debug|x64
		{95DC7B6B-1147-4609-8C94-F0224F6294DE}.Debug|x86.ActiveCfg = Debug|Win32
		{95DC7B6B-1147-4609-8C94-F0224F6294DE}.Debug|x86.Build.0 = Debug|Win32
		{95DC7B6B-1147-4609-8C94-F0224F6294DE}.Release|x64.ActiveCfg = Release|x64
		{95DC7B6B-1147-4609-8C94-F0224F6294DE}.Release|x64.Build.0 = Release|x64
		{95DC7B6B-1147-4609-8C94-F0224F6294DE}.Release|x86.ActiveCfg = Release|Win32
		{95DC7B6B-1147-4609-8C94-F0224F6294DE}.Release|x86.Build.0 = Release|Win32
		{3F9B5363-5115-466B-8AF1-3D967044A408}.Debug|x64.ActiveCfg = Debug|x64
		{3F9B5363-5115-466B-8AF1-3D967044A408}.Debug|x64.Build.0 = Debug|x64
		{3F9B5363-5115-466B-8AF1-3D967044A408}.Debug|x86.ActiveCfg = Debug|Win32
		{3F9B5363-5115-466B-8AF1-3D967044A408}.Debug|x86.Build.0 = Debug|Win32
		{3F9B5363-5115-466B-8AF1-3D967044A408}.Release|x64.ActiveCfg = Release|x64
		{3F9B5363-5115-466B-8AF1-3D967044A408}.Release|x64.Build.0 = Release|x64
		{3F9B5363-5115-466B-8AF1-3D967044A408}.Release|x86.ActiveCfg = Release|Win32
		{3F9B5363-5115-466B-8AF1-3D967044A408}.Release|x86.Build.0 = Release|Win32
		{99D50F6F-A41D-493F-AB00-F2A66C1A35FB}.Debug|x64.ActiveCfg = Debug|x64
		{99D50F6F-A41D-493F-AB00-F2A66C1A35FB}.Debug|x64.Build.0 = Debug|x64
		{99D50F6F-A41D-493F-AB00-F2A66C1A35FB}.Debug|x86.ActiveCfg = Debug|Win32
		{99D50F6F-A41D-493F-AB00-F2A66C1A35FB}.Debug|x86.Build.0 = Debug|Win32
		{99D50F6F-A41D-493F-AB00-F2A66C1A35FB}.Release|x64.ActiveCfg = Release|x64
		{99D50F6F-A41D-493F-AB00-F2A66C1A35FB}.Release|x64.Build.0 = Release|x64
		{99D50F6F-A41D-493F-AB00-F2A66C1A35FB}.Release|x86.ActiveCfg = Release|Win32
		{99D50F6F-A41D-493F-AB00-F2A66C1A35FB}.Release|x86.Build.0 = Release|Win32
		{79CFFECD-8D91-44E1-B06F-A514B1C7D693}.Debug|x64.ActiveCfg = Debug|x64
		{79CFFECD-8D91-44E1-B06F-A514B1C7D693}.Debug|x64.Build.0 = Debug|x64
		{79CFFECD-8D91-44E1-B06F-A514B1C7D693}.Debug|x86.ActiveCfg = Debug|Win32
		{79CFFECD-8D91-44E1-B06F-A514B1C7D693}.Debug|x86.Build.0 = Debug|Win32
		{79CFFECD-8D91-44E1-B06F-A514B1C7D693}.Release|x64.ActiveCfg = Release|x64
		{79CFFECD-8D91-44E1-B06F-A514B1C7D693}.Release|x64.Build.0 = Release|x64
		{79CFFECD-8D91-44E1-B06F-A514B1C7D693}.Release|x86.ActiveCfg = Release|Win32
		{79CFFECD-8D91-44E1-B06F-A514B1C7D693}.Release|x86.Build.0 = Release|Win32
		{C0C665D1-4800-4FA9-A3B4-9E8604ED1936}.Debug|x64.ActiveCfg = Debug|x64
		{C0C665D1-4800-4FA9-A3B4-9E8604ED1936}.Debug|x64.Build.0 = Debug|x64
		{C0C665D1-4800-4FA9-A3B4-9E8604ED1936}.Debug|x86.ActiveCfg = Debug|Win32
		{C0C665D1-4800-4FA9-A3B4-9E8604ED1936}.Debug|x86.Build.0 = Debug|Win32
		{C0C665D1-4800-4FA9-A3B4-9E8604ED1936}.Release|x64.ActiveCfg = Release|x64
		{C0C665D1-4800-4FA9-A3B4-9E8604ED1936}.Release|x64.Build.0 = Release|x64
		{C0C665D1-4800-4FA9-A3B4-9E8604ED1936}.Release|x86.ActiveCfg = Release|Win32
		{C0C665D1-4800-4FA9-A3B4-9E8604ED1936}.Release|x86.Build.0 = Release|Win32
		{2E915FEB-3628-4812-9033-4583542B2E1F}.Debug|x64.ActiveCfg = Debug|x64
		{2E915FEB-3628-4812-9033-4583542B2E1F}.Debug|x64.Build.0 = Debug|x64
		{2E915FEB-3628-4812-9033-4583542B2E1F}.Debug|x86.ActiveCfg = Debug|Win32
		{2E915FEB-3628-4812-9033-4583542B2E1F}.Debug|x86.Build.0 = Debug|Win32
		{2E915FEB-3628-4812-9033-4583542B2E1F}.Release|x64.ActiveCfg = Release|x64
		{2E915FEB-3628-4812-9033-4583542B2E1F}.Release|x64.Build.0 = Release|x64
		{2E915FEB-3628-4812-9033-4583542B2E1F}.Release|x86.ActiveCfg = Release|Win32
		{2E915FEB-3628-4812-9033-4583542B2E1F}.Release|x86.Build.0 = Release|Win32
		{3A1C34A7-E7F3-4445-B8E5-2FBA08038CC8}.Debug|x64.ActiveCfg = Debug|x64
		{3A1C34A7-E7F3-4445-B8E5-2FBA08038CC8}.Debug|x64.Build.0 = Debug|x64
		{3A1C34A7-E7F3-4445-B8E5-2FBA08038CC8}.Debug|x86.ActiveCfg = Debug|Win32
		{3A1C34A7-E7F3-4445-B8E5-2FBA08038CC8}.Debug|x86.Build.0 = Debug|Win32
		{3A1C34A7-E7F3-4445-B8E5-2FBA08038CC8}.Release|x64.ActiveCfg = Release|x64
		{3A1C34A7-E7F3-4445-B8E5-2FBA08038CC8}.Release|x64.Build.0 = Release|x64
		{3A1C34A7-E7F3-4445-B8E5-2FBA08038CC8}.Release|x86.ActiveCfg = Release|Win32
		{3A1C34A7-E7F3-4445-B8E5-2FBA08038CC8}.Release|x86.Build.0 = Release|Win32
		{FB7D126D-D7AE-48A6-AF5E-55D90A4D16CF}.Debug|x64.ActiveCfg = Debug|x64
		{FB7D126D-D7AE-48A6-AF5E-55D90A4D16CF}.Debug|x64.Build.0 = Debug|x64
		{FB7D126D-D7AE-48A6-AF5E-55D90A4D16CF}.Debug|x86.ActiveCfg = Debug|Win32
		{FB7D126D-D7AE-48A6-AF5E-55D90A4D16CF}.Debug|x86.Build.0 = Debug|Win32
		{FB7D126D-D7AE-48A6-AF5E-55D90A4D16CF}.Release|x64.ActiveCfg = Release|x64
		{FB7D126D-D7AE-48A6-AF5E-55D90A4D16CF}.Release|x64.Build.0 = Release|x64
		{FB7D126D-D7AE-48A6-AF5E-55D90A4D16CF}.Release|x86.ActiveCfg = Release|Win32
		{FB7D126D-D7AE-48A6-AF5E-55D90A4D16CF}.Release|x86.Build.0 = Release|Win32
		{F84AE746-105B-495E-9CED-6E73BC03A535}.Debug|x64.ActiveCfg = Debug|x64
		{F84AE746-105B-495E-9CED-6E73BC03A535}.Debug|x64.Build.0 = Debug|x64
		{F84AE746-105B-495E-9CED-6E73BC03A535}.Debug|x86.ActiveCfg = Debug|Win32
		{F84AE746-105B-495E-9CED-6E73BC03A535}.Debug|x86.Build.0 = Debug|Win32
		{F84AE746-105B-495E-9CED-6E73BC03A535}.Release|x64.ActiveCfg = Release|x64
		{F84AE746-105B-495E-9CED-6E73BC03A535}.Release|x64.Build.0 = Release|x64
		{F84AE746-105B-495E-9CED-6E73BC03A535}.Release|x86.ActiveCfg = Release|Win32
		{F84AE746-105B-495E-9CED-6E73BC03A535}.Release|x86.Build.0 = Release|Win32
		{29C196CF-FB47-4BD4-A1CA-49621B0273E5}.Debug|x64.ActiveCfg = Debug|x64
		{29C196CF-FB47-4BD4-A1CA-49621B0273E5}.Debug|x64.Build.0 = Debug|x64
		{29C196CF-FB47-4BD4-A1CA-49621B0273E5}.Debug|x86.ActiveCfg = Debug|Win32
		{29C196CF-FB47-4BD4-A1CA-49621B0273E5}.Debug|x86.Build.0 = Debug|Win32
		{29C196CF-FB47-4BD4-A1CA-49621B0273E5}.Release|x64.ActiveCfg = Release|x64
		{29C196CF-FB47-4BD4-A1CA-49621B0273E5}.Release|x64.Build.0 = Release|x64
		{29C196CF-FB47-4BD4-A1CA-49621B0273E5}.Release|x86.ActiveCfg = Release|Win32
		{29C196CF-FB47-4BD4-A1CA-49621B0273E5}.Release|x86.Build.0 = Release|Win32
		{F77B743E-0207-487A-816B-1D1365422323}.Debug|x64.ActiveCfg = Debug|x64
		{F77B743E-0207-487A-816B-1D1365422323}.Debug|x64.Build.0 = Debug|x64
		{F77B743E-0207-487A-816B-1D1365422323}.Debug|x86.ActiveCfg = Debug|Win32
		{F77B743E-0207-487A-816B-1D1365422323}.Debug|x86.Build.0 = Debug|Win32
		{F77B743E-0207-487A-816B-1D1365422323}.Release|x64.ActiveCfg = Release|x64
		{F77B743E-0207-487A-816B-1D1365422323}.Release|x64.Build.0 = Release|x64
		{F77B743E-0207-487A-816B-1D1365422323}.Release|x86.ActiveCfg = Release|Win32
		{F77B743E-0207-487A-816B-1D1365422323}.Release|x86.Build.0 = Release|Win32
		{B086B7B5-4A7A-400F-A53F-B09B88C7A418}.Debug|x64.ActiveCfg = Debug|x64
		{B086B7B5-4A7A-400F-A53F-B09B88C7A418}.Debug|x64.Build.0 = Debug|x64
		{B086B7B5-4A7A-400F-A53F-B09B88C7A418}.Debug|x86.ActiveCfg = Debug|Win32
		{B086B7B5-4A7A-400F-A53F-B09B88C7A418}.Debug|x86.Build.0 = Debug|Win32
		{B086B7B5-4A7A-400F-A53F-B09B88C7A418}.Release|x64.ActiveCfg = Release|x64
		{B086B7B5-4A7A-400F-A53F-B09B88C7A418}.Release|x64.Build.0 = Release|x64
		{B086B7B5-4A7A-400F-A53F-B09B88C7A418}.Release|x86.ActiveCfg = Release|Win32
		{B086B7B5-4A7A-400F-A53F-B09B88C7A418}.Release|x86.Build.0 = Release|Win32
	EndGlobalSection
	GlobalSection(SolutionProperties) = preSolution
		HideSolutionNode = FALSE
	EndGlobalSection
	GlobalSection(ExtensibilityGlobals) = postSolution
		SolutionGuid = {D580A618-8CF1-41B0-8257-773CF9B6D31C}
	EndGlobalSection
EndGlobal
