
Microsoft Visual Studio Solution File, Format Version 12.00
# Visual Studio Version 16
VisualStudioVersion = 16.0.31321.278
MinimumVisualStudioVersion = 10.0.40219.1
Project("{8BC9CEB8-8B4A-11D0-8D11-00A0C91BC942}") = "Bank_1", "Bank_1\Bank_1.vcxproj", "{9B5C751A-05E2-4BC2-9CB6-96985FBE0F99}"
EndProject
Project("{8BC9CEB8-8B4A-11D0-8D11-00A0C91BC942}") = "Bank_2", "Bank_2\Bank_2.vcxproj", "{B708D888-0E09-417A-8AFE-310945F26D05}"
EndProject
Project("{8BC9CEB8-8B4A-11D0-8D11-00A0C91BC942}") = "Bank_3", "Bank_3\Bank_3.vcxproj", "{436AE8F3-23AF-41E9-8CF7-1A11E1697222}"
EndProject
Global
	GlobalSection(SolutionConfigurationPlatforms) = preSolution
		Debug|x64 = Debug|x64
		Debug|x86 = Debug|x86
		Release|x64 = Release|x64
		Release|x86 = Release|x86
	EndGlobalSection
	GlobalSection(ProjectConfigurationPlatforms) = postSolution
		{9B5C751A-05E2-4BC2-9CB6-96985FBE0F99}.Debug|x64.ActiveCfg = Debug|x64
		{9B5C751A-05E2-4BC2-9CB6-96985FBE0F99}.Debug|x64.Build.0 = Debug|x64
		{9B5C751A-05E2-4BC2-9CB6-96985FBE0F99}.Debug|x86.ActiveCfg = Debug|Win32
		{9B5C751A-05E2-4BC2-9CB6-96985FBE0F99}.Debug|x86.Build.0 = Debug|Win32
		{9B5C751A-05E2-4BC2-9CB6-96985FBE0F99}.Release|x64.ActiveCfg = Release|x64
		{9B5C751A-05E2-4BC2-9CB6-96985FBE0F99}.Release|x64.Build.0 = Release|x64
		{9B5C751A-05E2-4BC2-9CB6-96985FBE0F99}.Release|x86.ActiveCfg = Release|Win32
		{9B5C751A-05E2-4BC2-9CB6-96985FBE0F99}.Release|x86.Build.0 = Release|Win32
		{B708D888-0E09-417A-8AFE-310945F26D05}.Debug|x64.ActiveCfg = Debug|x64
		{B708D888-0E09-417A-8AFE-310945F26D05}.Debug|x64.Build.0 = Debug|x64
		{B708D888-0E09-417A-8AFE-310945F26D05}.Debug|x86.ActiveCfg = Debug|Win32
		{B708D888-0E09-417A-8AFE-310945F26D05}.Debug|x86.Build.0 = Debug|Win32
		{B708D888-0E09-417A-8AFE-310945F26D05}.Release|x64.ActiveCfg = Release|x64
		{B708D888-0E09-417A-8AFE-310945F26D05}.Release|x64.Build.0 = Release|x64
		{B708D888-0E09-417A-8AFE-310945F26D05}.Release|x86.ActiveCfg = Release|Win32
		{B708D888-0E09-417A-8AFE-310945F26D05}.Release|x86.Build.0 = Release|Win32
		{436AE8F3-23AF-41E9-8CF7-1A11E1697222}.Debug|x64.ActiveCfg = Debug|x64
		{436AE8F3-23AF-41E9-8CF7-1A11E1697222}.Debug|x64.Build.0 = Debug|x64
		{436AE8F3-23AF-41E9-8CF7-1A11E1697222}.Debug|x86.ActiveCfg = Debug|Win32
		{436AE8F3-23AF-41E9-8CF7-1A11E1697222}.Debug|x86.Build.0 = Debug|Win32
		{436AE8F3-23AF-41E9-8CF7-1A11E1697222}.Release|x64.ActiveCfg = Release|x64
		{436AE8F3-23AF-41E9-8CF7-1A11E1697222}.Release|x64.Build.0 = Release|x64
		{436AE8F3-23AF-41E9-8CF7-1A11E1697222}.Release|x86.ActiveCfg = Release|Win32
		{436AE8F3-23AF-41E9-8CF7-1A11E1697222}.Release|x86.Build.0 = Release|Win32
	EndGlobalSection
	GlobalSection(SolutionProperties) = preSolution
		HideSolutionNode = FALSE
	EndGlobalSection
	GlobalSection(ExtensibilityGlobals) = postSolution
		SolutionGuid = {AD9E0338-73BA-4135-B89C-3057B1F9D443}
	EndGlobalSection
EndGlobal
