
Microsoft Visual Studio Solution File, Format Version 12.00
# Visual Studio Version 16
VisualStudioVersion = 16.0.31321.278
MinimumVisualStudioVersion = 10.0.40219.1
Project("{8BC9CEB8-8B4A-11D0-8D11-00A0C91BC942}") = "Day004", "Day004\Day004.vcxproj", "{48DA49A3-4382-4505-A83E-A741B1701DB6}"
EndProject
Project("{8BC9CEB8-8B4A-11D0-8D11-00A0C91BC942}") = "Reference", "Reference\Reference.vcxproj", "{12FC650C-B667-427E-A8F5-9F695FAC1FB7}"
EndProject
Project("{8BC9CEB8-8B4A-11D0-8D11-00A0C91BC942}") = "Reference_2", "Reference_2\Reference_2.vcxproj", "{61CEB28C-E27B-4A81-8961-8A0B9D789449}"
EndProject
Project("{8BC9CEB8-8B4A-11D0-8D11-00A0C91BC942}") = "Reference_3", "Reference_3\Reference_3.vcxproj", "{6D72AB3A-C292-49B2-B2B3-4CD870942CFC}"
EndProject
Project("{8BC9CEB8-8B4A-11D0-8D11-00A0C91BC942}") = "Reference_4", "Reference_4\Reference_4.vcxproj", "{9739CCB3-AB09-48E2-8322-B0CA3D0DCAFF}"
EndProject
Project("{8BC9CEB8-8B4A-11D0-8D11-00A0C91BC942}") = "Reference_5", "Reference_5\Reference_5.vcxproj", "{9958767E-1A7A-4B02-80D1-D4883CD99FCB}"
EndProject
Project("{8BC9CEB8-8B4A-11D0-8D11-00A0C91BC942}") = "Structure_1", "Structure_1\Structure_1.vcxproj", "{A606A04C-9E1E-440E-A335-A2FA62B59F28}"
EndProject
Project("{8BC9CEB8-8B4A-11D0-8D11-00A0C91BC942}") = "CarRacing", "CarRacing\CarRacing.vcxproj", "{10192A29-E5F9-4AEA-9D83-3BD83BC6BF36}"
EndProject
Project("{8BC9CEB8-8B4A-11D0-8D11-00A0C91BC942}") = "CarRacing_2", "CarRacing_2\CarRacing_2.vcxproj", "{5D321619-B9AB-43AA-9B21-22B7AB9CF67E}"
EndProject
Project("{8BC9CEB8-8B4A-11D0-8D11-00A0C91BC942}") = "FruitSeller", "FruitSeller\FruitSeller.vcxproj", "{1F6675F0-B05C-4050-B6BC-36C2A304062B}"
EndProject
Project("{8BC9CEB8-8B4A-11D0-8D11-00A0C91BC942}") = "PointClass", "PointClass\PointClass.vcxproj", "{5A0FAED1-00A7-4264-85A7-5B3A12C8F125}"
EndProject
Project("{8BC9CEB8-8B4A-11D0-8D11-00A0C91BC942}") = "Point", "Point\Point.vcxproj", "{C2BBEFFC-E8E9-43D4-97A7-9B32D02A57CE}"
EndProject
Project("{8BC9CEB8-8B4A-11D0-8D11-00A0C91BC942}") = "Person", "Person\Person.vcxproj", "{20BAADCD-ED77-43A8-9D0D-D0BCD3D0E1AB}"
EndProject
Project("{8BC9CEB8-8B4A-11D0-8D11-00A0C91BC942}") = "Person_2", "Person_2\Person_2.vcxproj", "{2CDF8EA0-9A0D-4759-82FC-811AAC0A9AB5}"
EndProject
Project("{8BC9CEB8-8B4A-11D0-8D11-00A0C91BC942}") = "Constructor", "Constructor\Constructor.vcxproj", "{B09D7456-420B-47C8-9152-3E62C567A40E}"
EndProject
Global
	GlobalSection(SolutionConfigurationPlatforms) = preSolution
		Debug|x64 = Debug|x64
		Debug|x86 = Debug|x86
		Release|x64 = Release|x64
		Release|x86 = Release|x86
	EndGlobalSection
	GlobalSection(ProjectConfigurationPlatforms) = postSolution
		{48DA49A3-4382-4505-A83E-A741B1701DB6}.Debug|x64.ActiveCfg = Debug|x64
		{48DA49A3-4382-4505-A83E-A741B1701DB6}.Debug|x64.Build.0 = Debug|x64
		{48DA49A3-4382-4505-A83E-A741B1701DB6}.Debug|x86.ActiveCfg = Debug|Win32
		{48DA49A3-4382-4505-A83E-A741B1701DB6}.Debug|x86.Build.0 = Debug|Win32
		{48DA49A3-4382-4505-A83E-A741B1701DB6}.Release|x64.ActiveCfg = Release|x64
		{48DA49A3-4382-4505-A83E-A741B1701DB6}.Release|x64.Build.0 = Release|x64
		{48DA49A3-4382-4505-A83E-A741B1701DB6}.Release|x86.ActiveCfg = Release|Win32
		{48DA49A3-4382-4505-A83E-A741B1701DB6}.Release|x86.Build.0 = Release|Win32
		{12FC650C-B667-427E-A8F5-9F695FAC1FB7}.Debug|x64.ActiveCfg = Debug|x64
		{12FC650C-B667-427E-A8F5-9F695FAC1FB7}.Debug|x64.Build.0 = Debug|x64
		{12FC650C-B667-427E-A8F5-9F695FAC1FB7}.Debug|x86.ActiveCfg = Debug|Win32
		{12FC650C-B667-427E-A8F5-9F695FAC1FB7}.Debug|x86.Build.0 = Debug|Win32
		{12FC650C-B667-427E-A8F5-9F695FAC1FB7}.Release|x64.ActiveCfg = Release|x64
		{12FC650C-B667-427E-A8F5-9F695FAC1FB7}.Release|x64.Build.0 = Release|x64
		{12FC650C-B667-427E-A8F5-9F695FAC1FB7}.Release|x86.ActiveCfg = Release|Win32
		{12FC650C-B667-427E-A8F5-9F695FAC1FB7}.Release|x86.Build.0 = Release|Win32
		{61CEB28C-E27B-4A81-8961-8A0B9D789449}.Debug|x64.ActiveCfg = Debug|x64
		{61CEB28C-E27B-4A81-8961-8A0B9D789449}.Debug|x64.Build.0 = Debug|x64
		{61CEB28C-E27B-4A81-8961-8A0B9D789449}.Debug|x86.ActiveCfg = Debug|Win32
		{61CEB28C-E27B-4A81-8961-8A0B9D789449}.Debug|x86.Build.0 = Debug|Win32
		{61CEB28C-E27B-4A81-8961-8A0B9D789449}.Release|x64.ActiveCfg = Release|x64
		{61CEB28C-E27B-4A81-8961-8A0B9D789449}.Release|x64.Build.0 = Release|x64
		{61CEB28C-E27B-4A81-8961-8A0B9D789449}.Release|x86.ActiveCfg = Release|Win32
		{61CEB28C-E27B-4A81-8961-8A0B9D789449}.Release|x86.Build.0 = Release|Win32
		{6D72AB3A-C292-49B2-B2B3-4CD870942CFC}.Debug|x64.ActiveCfg = Debug|x64
		{6D72AB3A-C292-49B2-B2B3-4CD870942CFC}.Debug|x64.Build.0 = Debug|x64
		{6D72AB3A-C292-49B2-B2B3-4CD870942CFC}.Debug|x86.ActiveCfg = Debug|Win32
		{6D72AB3A-C292-49B2-B2B3-4CD870942CFC}.Debug|x86.Build.0 = Debug|Win32
		{6D72AB3A-C292-49B2-B2B3-4CD870942CFC}.Release|x64.ActiveCfg = Release|x64
		{6D72AB3A-C292-49B2-B2B3-4CD870942CFC}.Release|x64.Build.0 = Release|x64
		{6D72AB3A-C292-49B2-B2B3-4CD870942CFC}.Release|x86.ActiveCfg = Release|Win32
		{6D72AB3A-C292-49B2-B2B3-4CD870942CFC}.Release|x86.Build.0 = Release|Win32
		{9739CCB3-AB09-48E2-8322-B0CA3D0DCAFF}.Debug|x64.ActiveCfg = Debug|x64
		{9739CCB3-AB09-48E2-8322-B0CA3D0DCAFF}.Debug|x64.Build.0 = Debug|x64
		{9739CCB3-AB09-48E2-8322-B0CA3D0DCAFF}.Debug|x86.ActiveCfg = Debug|Win32
		{9739CCB3-AB09-48E2-8322-B0CA3D0DCAFF}.Debug|x86.Build.0 = Debug|Win32
		{9739CCB3-AB09-48E2-8322-B0CA3D0DCAFF}.Release|x64.ActiveCfg = Release|x64
		{9739CCB3-AB09-48E2-8322-B0CA3D0DCAFF}.Release|x64.Build.0 = Release|x64
		{9739CCB3-AB09-48E2-8322-B0CA3D0DCAFF}.Release|x86.ActiveCfg = Release|Win32
		{9739CCB3-AB09-48E2-8322-B0CA3D0DCAFF}.Release|x86.Build.0 = Release|Win32
		{9958767E-1A7A-4B02-80D1-D4883CD99FCB}.Debug|x64.ActiveCfg = Debug|x64
		{9958767E-1A7A-4B02-80D1-D4883CD99FCB}.Debug|x64.Build.0 = Debug|x64
		{9958767E-1A7A-4B02-80D1-D4883CD99FCB}.Debug|x86.ActiveCfg = Debug|Win32
		{9958767E-1A7A-4B02-80D1-D4883CD99FCB}.Debug|x86.Build.0 = Debug|Win32
		{9958767E-1A7A-4B02-80D1-D4883CD99FCB}.Release|x64.ActiveCfg = Release|x64
		{9958767E-1A7A-4B02-80D1-D4883CD99FCB}.Release|x64.Build.0 = Release|x64
		{9958767E-1A7A-4B02-80D1-D4883CD99FCB}.Release|x86.ActiveCfg = Release|Win32
		{9958767E-1A7A-4B02-80D1-D4883CD99FCB}.Release|x86.Build.0 = Release|Win32
		{A606A04C-9E1E-440E-A335-A2FA62B59F28}.Debug|x64.ActiveCfg = Debug|x64
		{A606A04C-9E1E-440E-A335-A2FA62B59F28}.Debug|x64.Build.0 = Debug|x64
		{A606A04C-9E1E-440E-A335-A2FA62B59F28}.Debug|x86.ActiveCfg = Debug|Win32
		{A606A04C-9E1E-440E-A335-A2FA62B59F28}.Debug|x86.Build.0 = Debug|Win32
		{A606A04C-9E1E-440E-A335-A2FA62B59F28}.Release|x64.ActiveCfg = Release|x64
		{A606A04C-9E1E-440E-A335-A2FA62B59F28}.Release|x64.Build.0 = Release|x64
		{A606A04C-9E1E-440E-A335-A2FA62B59F28}.Release|x86.ActiveCfg = Release|Win32
		{A606A04C-9E1E-440E-A335-A2FA62B59F28}.Release|x86.Build.0 = Release|Win32
		{10192A29-E5F9-4AEA-9D83-3BD83BC6BF36}.Debug|x64.ActiveCfg = Debug|x64
		{10192A29-E5F9-4AEA-9D83-3BD83BC6BF36}.Debug|x64.Build.0 = Debug|x64
		{10192A29-E5F9-4AEA-9D83-3BD83BC6BF36}.Debug|x86.ActiveCfg = Debug|Win32
		{10192A29-E5F9-4AEA-9D83-3BD83BC6BF36}.Debug|x86.Build.0 = Debug|Win32
		{10192A29-E5F9-4AEA-9D83-3BD83BC6BF36}.Release|x64.ActiveCfg = Release|x64
		{10192A29-E5F9-4AEA-9D83-3BD83BC6BF36}.Release|x64.Build.0 = Release|x64
		{10192A29-E5F9-4AEA-9D83-3BD83BC6BF36}.Release|x86.ActiveCfg = Release|Win32
		{10192A29-E5F9-4AEA-9D83-3BD83BC6BF36}.Release|x86.Build.0 = Release|Win32
		{5D321619-B9AB-43AA-9B21-22B7AB9CF67E}.Debug|x64.ActiveCfg = Debug|x64
		{5D321619-B9AB-43AA-9B21-22B7AB9CF67E}.Debug|x64.Build.0 = Debug|x64
		{5D321619-B9AB-43AA-9B21-22B7AB9CF67E}.Debug|x86.ActiveCfg = Debug|Win32
		{5D321619-B9AB-43AA-9B21-22B7AB9CF67E}.Debug|x86.Build.0 = Debug|Win32
		{5D321619-B9AB-43AA-9B21-22B7AB9CF67E}.Release|x64.ActiveCfg = Release|x64
		{5D321619-B9AB-43AA-9B21-22B7AB9CF67E}.Release|x64.Build.0 = Release|x64
		{5D321619-B9AB-43AA-9B21-22B7AB9CF67E}.Release|x86.ActiveCfg = Release|Win32
		{5D321619-B9AB-43AA-9B21-22B7AB9CF67E}.Release|x86.Build.0 = Release|Win32
		{1F6675F0-B05C-4050-B6BC-36C2A304062B}.Debug|x64.ActiveCfg = Debug|x64
		{1F6675F0-B05C-4050-B6BC-36C2A304062B}.Debug|x64.Build.0 = Debug|x64
		{1F6675F0-B05C-4050-B6BC-36C2A304062B}.Debug|x86.ActiveCfg = Debug|Win32
		{1F6675F0-B05C-4050-B6BC-36C2A304062B}.Debug|x86.Build.0 = Debug|Win32
		{1F6675F0-B05C-4050-B6BC-36C2A304062B}.Release|x64.ActiveCfg = Release|x64
		{1F6675F0-B05C-4050-B6BC-36C2A304062B}.Release|x64.Build.0 = Release|x64
		{1F6675F0-B05C-4050-B6BC-36C2A304062B}.Release|x86.ActiveCfg = Release|Win32
		{1F6675F0-B05C-4050-B6BC-36C2A304062B}.Release|x86.Build.0 = Release|Win32
		{5A0FAED1-00A7-4264-85A7-5B3A12C8F125}.Debug|x64.ActiveCfg = Debug|x64
		{5A0FAED1-00A7-4264-85A7-5B3A12C8F125}.Debug|x64.Build.0 = Debug|x64
		{5A0FAED1-00A7-4264-85A7-5B3A12C8F125}.Debug|x86.ActiveCfg = Debug|Win32
		{5A0FAED1-00A7-4264-85A7-5B3A12C8F125}.Debug|x86.Build.0 = Debug|Win32
		{5A0FAED1-00A7-4264-85A7-5B3A12C8F125}.Release|x64.ActiveCfg = Release|x64
		{5A0FAED1-00A7-4264-85A7-5B3A12C8F125}.Release|x64.Build.0 = Release|x64
		{5A0FAED1-00A7-4264-85A7-5B3A12C8F125}.Release|x86.ActiveCfg = Release|Win32
		{5A0FAED1-00A7-4264-85A7-5B3A12C8F125}.Release|x86.Build.0 = Release|Win32
		{C2BBEFFC-E8E9-43D4-97A7-9B32D02A57CE}.Debug|x64.ActiveCfg = Debug|x64
		{C2BBEFFC-E8E9-43D4-97A7-9B32D02A57CE}.Debug|x64.Build.0 = Debug|x64
		{C2BBEFFC-E8E9-43D4-97A7-9B32D02A57CE}.Debug|x86.ActiveCfg = Debug|Win32
		{C2BBEFFC-E8E9-43D4-97A7-9B32D02A57CE}.Debug|x86.Build.0 = Debug|Win32
		{C2BBEFFC-E8E9-43D4-97A7-9B32D02A57CE}.Release|x64.ActiveCfg = Release|x64
		{C2BBEFFC-E8E9-43D4-97A7-9B32D02A57CE}.Release|x64.Build.0 = Release|x64
		{C2BBEFFC-E8E9-43D4-97A7-9B32D02A57CE}.Release|x86.ActiveCfg = Release|Win32
		{C2BBEFFC-E8E9-43D4-97A7-9B32D02A57CE}.Release|x86.Build.0 = Release|Win32
		{20BAADCD-ED77-43A8-9D0D-D0BCD3D0E1AB}.Debug|x64.ActiveCfg = Debug|x64
		{20BAADCD-ED77-43A8-9D0D-D0BCD3D0E1AB}.Debug|x64.Build.0 = Debug|x64
		{20BAADCD-ED77-43A8-9D0D-D0BCD3D0E1AB}.Debug|x86.ActiveCfg = Debug|Win32
		{20BAADCD-ED77-43A8-9D0D-D0BCD3D0E1AB}.Debug|x86.Build.0 = Debug|Win32
		{20BAADCD-ED77-43A8-9D0D-D0BCD3D0E1AB}.Release|x64.ActiveCfg = Release|x64
		{20BAADCD-ED77-43A8-9D0D-D0BCD3D0E1AB}.Release|x64.Build.0 = Release|x64
		{20BAADCD-ED77-43A8-9D0D-D0BCD3D0E1AB}.Release|x86.ActiveCfg = Release|Win32
		{20BAADCD-ED77-43A8-9D0D-D0BCD3D0E1AB}.Release|x86.Build.0 = Release|Win32
		{2CDF8EA0-9A0D-4759-82FC-811AAC0A9AB5}.Debug|x64.ActiveCfg = Debug|x64
		{2CDF8EA0-9A0D-4759-82FC-811AAC0A9AB5}.Debug|x64.Build.0 = Debug|x64
		{2CDF8EA0-9A0D-4759-82FC-811AAC0A9AB5}.Debug|x86.ActiveCfg = Debug|Win32
		{2CDF8EA0-9A0D-4759-82FC-811AAC0A9AB5}.Debug|x86.Build.0 = Debug|Win32
		{2CDF8EA0-9A0D-4759-82FC-811AAC0A9AB5}.Release|x64.ActiveCfg = Release|x64
		{2CDF8EA0-9A0D-4759-82FC-811AAC0A9AB5}.Release|x64.Build.0 = Release|x64
		{2CDF8EA0-9A0D-4759-82FC-811AAC0A9AB5}.Release|x86.ActiveCfg = Release|Win32
		{2CDF8EA0-9A0D-4759-82FC-811AAC0A9AB5}.Release|x86.Build.0 = Release|Win32
		{B09D7456-420B-47C8-9152-3E62C567A40E}.Debug|x64.ActiveCfg = Debug|x64
		{B09D7456-420B-47C8-9152-3E62C567A40E}.Debug|x64.Build.0 = Debug|x64
		{B09D7456-420B-47C8-9152-3E62C567A40E}.Debug|x86.ActiveCfg = Debug|Win32
		{B09D7456-420B-47C8-9152-3E62C567A40E}.Debug|x86.Build.0 = Debug|Win32
		{B09D7456-420B-47C8-9152-3E62C567A40E}.Release|x64.ActiveCfg = Release|x64
		{B09D7456-420B-47C8-9152-3E62C567A40E}.Release|x64.Build.0 = Release|x64
		{B09D7456-420B-47C8-9152-3E62C567A40E}.Release|x86.ActiveCfg = Release|Win32
		{B09D7456-420B-47C8-9152-3E62C567A40E}.Release|x86.Build.0 = Release|Win32
	EndGlobalSection
	GlobalSection(SolutionProperties) = preSolution
		HideSolutionNode = FALSE
	EndGlobalSection
	GlobalSection(ExtensibilityGlobals) = postSolution
		SolutionGuid = {5034AD81-AA25-4EB0-B439-AE8B90BB129F}
	EndGlobalSection
EndGlobal
