
Microsoft Visual Studio Solution File, Format Version 12.00
# Visual Studio Version 16
VisualStudioVersion = 16.0.31321.278
MinimumVisualStudioVersion = 10.0.40219.1
Project("{8BC9CEB8-8B4A-11D0-8D11-00A0C91BC942}") = "Day003", "Day003\Day003.vcxproj", "{5B83593F-AA6A-419F-96D6-685482D9A118}"
EndProject
Project("{8BC9CEB8-8B4A-11D0-8D11-00A0C91BC942}") = "Class_1", "Class_1\Class_1.vcxproj", "{6E6153E2-7C29-4023-9301-2B49A5227DCD}"
EndProject
Project("{8BC9CEB8-8B4A-11D0-8D11-00A0C91BC942}") = "Class_2", "Class_2\Class_2.vcxproj", "{F81FE627-B753-4216-9F1C-5B5A7B0F9924}"
EndProject
Project("{8BC9CEB8-8B4A-11D0-8D11-00A0C91BC942}") = "Class_3", "Class_3\Class_3.vcxproj", "{12D03CC0-18D1-466A-B627-1B3B44DE381B}"
EndProject
Project("{8BC9CEB8-8B4A-11D0-8D11-00A0C91BC942}") = "Class_4", "Class_4\Class_4.vcxproj", "{A35D92D5-EFC8-484A-BEE2-3D8428F1872A}"
EndProject
Project("{8BC9CEB8-8B4A-11D0-8D11-00A0C91BC942}") = "Class_5", "Class_5\Class_5.vcxproj", "{29A298C3-E42C-4084-A68D-2A1550A1C50A}"
EndProject
Project("{8BC9CEB8-8B4A-11D0-8D11-00A0C91BC942}") = "Class_6", "Class_6\Class_6.vcxproj", "{FED84548-CFC1-4052-A9E4-D2E9C760FE10}"
EndProject
Project("{8BC9CEB8-8B4A-11D0-8D11-00A0C91BC942}") = "Class_7", "Class_7\Class_7.vcxproj", "{1E1BE77D-384E-4023-A6DB-29AD00BCF096}"
EndProject
Project("{8BC9CEB8-8B4A-11D0-8D11-00A0C91BC942}") = "Class_8", "Class_8\Class_8.vcxproj", "{439A4B31-E782-4D65-A796-5C0A0E2915AF}"
EndProject
Project("{8BC9CEB8-8B4A-11D0-8D11-00A0C91BC942}") = "Class_9", "Class_9\Class_9.vcxproj", "{2C0B007B-368E-4F4D-A5BB-0EE60AABAFD9}"
EndProject
Project("{8BC9CEB8-8B4A-11D0-8D11-00A0C91BC942}") = "Class_10", "Class_10\Class_10.vcxproj", "{7BEF8BD6-B19F-44D4-8535-133C85D9D9B0}"
EndProject
Project("{8BC9CEB8-8B4A-11D0-8D11-00A0C91BC942}") = "OOP_1", "OOP_1\OOP_1.vcxproj", "{0B4F138D-4759-4808-8E11-32DA3A195F89}"
EndProject
Project("{8BC9CEB8-8B4A-11D0-8D11-00A0C91BC942}") = "OOP_2", "OOP_2\OOP_2.vcxproj", "{D44F29EA-B7BD-4B32-BB53-7AD237253B01}"
EndProject
Project("{8BC9CEB8-8B4A-11D0-8D11-00A0C91BC942}") = "OOP_3", "OOP_3\OOP_3.vcxproj", "{F2F29098-5D03-45DA-978E-723CF0A1729C}"
EndProject
Project("{8BC9CEB8-8B4A-11D0-8D11-00A0C91BC942}") = "OOP_4", "OOP_4\OOP_4.vcxproj", "{ED1EF910-E4EC-40A3-BA45-28E8970D16C1}"
EndProject
Project("{8BC9CEB8-8B4A-11D0-8D11-00A0C91BC942}") = "OOP_5", "OOP_5\OOP_5.vcxproj", "{D4FD67F5-84D6-4C93-87B4-C99027694D60}"
EndProject
Project("{8BC9CEB8-8B4A-11D0-8D11-00A0C91BC942}") = "OOP_6", "OOP_6\OOP_6.vcxproj", "{EA600C44-B99A-457F-A06E-B987AC1F6F90}"
EndProject
Project("{8BC9CEB8-8B4A-11D0-8D11-00A0C91BC942}") = "OOP_7", "OOP_7\OOP_7.vcxproj", "{6A3F951C-4BBC-42D6-A653-48357C8CEEF3}"
EndProject
Project("{8BC9CEB8-8B4A-11D0-8D11-00A0C91BC942}") = "OOP_8", "OOP_8\OOP_8.vcxproj", "{CEC21EE6-025B-4C04-A30D-F9F92E48C4F6}"
EndProject
Project("{8BC9CEB8-8B4A-11D0-8D11-00A0C91BC942}") = "OOP_9", "OOP_9\OOP_9.vcxproj", "{D1CB6195-8BD2-4936-B61C-73B099F0C33B}"
EndProject
Project("{8BC9CEB8-8B4A-11D0-8D11-00A0C91BC942}") = "OOP_10", "OOP_10\OOP_10.vcxproj", "{933F69CA-BE33-41D8-A91C-40B162395AD1}"
EndProject
Project("{8BC9CEB8-8B4A-11D0-8D11-00A0C91BC942}") = "OOP_11", "OOP_11\OOP_11.vcxproj", "{0A158F8D-8308-4AB1-9407-9F495EAFEC22}"
EndProject
Project("{8BC9CEB8-8B4A-11D0-8D11-00A0C91BC942}") = "OOP_12", "OOP_12\OOP_12.vcxproj", "{F6CDC373-3A3C-42CD-B0C6-07EA0990F668}"
EndProject
Project("{8BC9CEB8-8B4A-11D0-8D11-00A0C91BC942}") = "OOP_13", "OOP_13\OOP_13.vcxproj", "{46232017-2EE8-4FF2-BBD3-2F3F2D9C2D88}"
EndProject
Project("{8BC9CEB8-8B4A-11D0-8D11-00A0C91BC942}") = "OOP_14", "OOP_14\OOP_14.vcxproj", "{623AA9D0-D82A-42FC-A66B-A5B1A402E734}"
EndProject
Project("{8BC9CEB8-8B4A-11D0-8D11-00A0C91BC942}") = "OOP_15", "OOP_15\OOP_15.vcxproj", "{3C09C493-5A67-4361-84C8-6EC6BC4D41AD}"
EndProject
Project("{8BC9CEB8-8B4A-11D0-8D11-00A0C91BC942}") = "OOP_16", "OOP_16\OOP_16.vcxproj", "{8F79AD2A-A753-4654-9847-FA35AA478CBE}"
EndProject
Global
	GlobalSection(SolutionConfigurationPlatforms) = preSolution
		Debug|x64 = Debug|x64
		Debug|x86 = Debug|x86
		Release|x64 = Release|x64
		Release|x86 = Release|x86
	EndGlobalSection
	GlobalSection(ProjectConfigurationPlatforms) = postSolution
		{5B83593F-AA6A-419F-96D6-685482D9A118}.Debug|x64.ActiveCfg = Debug|x64
		{5B83593F-AA6A-419F-96D6-685482D9A118}.Debug|x64.Build.0 = Debug|x64
		{5B83593F-AA6A-419F-96D6-685482D9A118}.Debug|x86.ActiveCfg = Debug|Win32
		{5B83593F-AA6A-419F-96D6-685482D9A118}.Debug|x86.Build.0 = Debug|Win32
		{5B83593F-AA6A-419F-96D6-685482D9A118}.Release|x64.ActiveCfg = Release|x64
		{5B83593F-AA6A-419F-96D6-685482D9A118}.Release|x64.Build.0 = Release|x64
		{5B83593F-AA6A-419F-96D6-685482D9A118}.Release|x86.ActiveCfg = Release|Win32
		{5B83593F-AA6A-419F-96D6-685482D9A118}.Release|x86.Build.0 = Release|Win32
		{6E6153E2-7C29-4023-9301-2B49A5227DCD}.Debug|x64.ActiveCfg = Debug|x64
		{6E6153E2-7C29-4023-9301-2B49A5227DCD}.Debug|x64.Build.0 = Debug|x64
		{6E6153E2-7C29-4023-9301-2B49A5227DCD}.Debug|x86.ActiveCfg = Debug|Win32
		{6E6153E2-7C29-4023-9301-2B49A5227DCD}.Debug|x86.Build.0 = Debug|Win32
		{6E6153E2-7C29-4023-9301-2B49A5227DCD}.Release|x64.ActiveCfg = Release|x64
		{6E6153E2-7C29-4023-9301-2B49A5227DCD}.Release|x64.Build.0 = Release|x64
		{6E6153E2-7C29-4023-9301-2B49A5227DCD}.Release|x86.ActiveCfg = Release|Win32
		{6E6153E2-7C29-4023-9301-2B49A5227DCD}.Release|x86.Build.0 = Release|Win32
		{F81FE627-B753-4216-9F1C-5B5A7B0F9924}.Debug|x64.ActiveCfg = Debug|x64
		{F81FE627-B753-4216-9F1C-5B5A7B0F9924}.Debug|x64.Build.0 = Debug|x64
		{F81FE627-B753-4216-9F1C-5B5A7B0F9924}.Debug|x86.ActiveCfg = Debug|Win32
		{F81FE627-B753-4216-9F1C-5B5A7B0F9924}.Debug|x86.Build.0 = Debug|Win32
		{F81FE627-B753-4216-9F1C-5B5A7B0F9924}.Release|x64.ActiveCfg = Release|x64
		{F81FE627-B753-4216-9F1C-5B5A7B0F9924}.Release|x64.Build.0 = Release|x64
		{F81FE627-B753-4216-9F1C-5B5A7B0F9924}.Release|x86.ActiveCfg = Release|Win32
		{F81FE627-B753-4216-9F1C-5B5A7B0F9924}.Release|x86.Build.0 = Release|Win32
		{12D03CC0-18D1-466A-B627-1B3B44DE381B}.Debug|x64.ActiveCfg = Debug|x64
		{12D03CC0-18D1-466A-B627-1B3B44DE381B}.Debug|x64.Build.0 = Debug|x64
		{12D03CC0-18D1-466A-B627-1B3B44DE381B}.Debug|x86.ActiveCfg = Debug|Win32
		{12D03CC0-18D1-466A-B627-1B3B44DE381B}.Debug|x86.Build.0 = Debug|Win32
		{12D03CC0-18D1-466A-B627-1B3B44DE381B}.Release|x64.ActiveCfg = Release|x64
		{12D03CC0-18D1-466A-B627-1B3B44DE381B}.Release|x64.Build.0 = Release|x64
		{12D03CC0-18D1-466A-B627-1B3B44DE381B}.Release|x86.ActiveCfg = Release|Win32
		{12D03CC0-18D1-466A-B627-1B3B44DE381B}.Release|x86.Build.0 = Release|Win32
		{A35D92D5-EFC8-484A-BEE2-3D8428F1872A}.Debug|x64.ActiveCfg = Debug|x64
		{A35D92D5-EFC8-484A-BEE2-3D8428F1872A}.Debug|x64.Build.0 = Debug|x64
		{A35D92D5-EFC8-484A-BEE2-3D8428F1872A}.Debug|x86.ActiveCfg = Debug|Win32
		{A35D92D5-EFC8-484A-BEE2-3D8428F1872A}.Debug|x86.Build.0 = Debug|Win32
		{A35D92D5-EFC8-484A-BEE2-3D8428F1872A}.Release|x64.ActiveCfg = Release|x64
		{A35D92D5-EFC8-484A-BEE2-3D8428F1872A}.Release|x64.Build.0 = Release|x64
		{A35D92D5-EFC8-484A-BEE2-3D8428F1872A}.Release|x86.ActiveCfg = Release|Win32
		{A35D92D5-EFC8-484A-BEE2-3D8428F1872A}.Release|x86.Build.0 = Release|Win32
		{29A298C3-E42C-4084-A68D-2A1550A1C50A}.Debug|x64.ActiveCfg = Debug|x64
		{29A298C3-E42C-4084-A68D-2A1550A1C50A}.Debug|x64.Build.0 = Debug|x64
		{29A298C3-E42C-4084-A68D-2A1550A1C50A}.Debug|x86.ActiveCfg = Debug|Win32
		{29A298C3-E42C-4084-A68D-2A1550A1C50A}.Debug|x86.Build.0 = Debug|Win32
		{29A298C3-E42C-4084-A68D-2A1550A1C50A}.Release|x64.ActiveCfg = Release|x64
		{29A298C3-E42C-4084-A68D-2A1550A1C50A}.Release|x64.Build.0 = Release|x64
		{29A298C3-E42C-4084-A68D-2A1550A1C50A}.Release|x86.ActiveCfg = Release|Win32
		{29A298C3-E42C-4084-A68D-2A1550A1C50A}.Release|x86.Build.0 = Release|Win32
		{FED84548-CFC1-4052-A9E4-D2E9C760FE10}.Debug|x64.ActiveCfg = Debug|x64
		{FED84548-CFC1-4052-A9E4-D2E9C760FE10}.Debug|x64.Build.0 = Debug|x64
		{FED84548-CFC1-4052-A9E4-D2E9C760FE10}.Debug|x86.ActiveCfg = Debug|Win32
		{FED84548-CFC1-4052-A9E4-D2E9C760FE10}.Debug|x86.Build.0 = Debug|Win32
		{FED84548-CFC1-4052-A9E4-D2E9C760FE10}.Release|x64.ActiveCfg = Release|x64
		{FED84548-CFC1-4052-A9E4-D2E9C760FE10}.Release|x64.Build.0 = Release|x64
		{FED84548-CFC1-4052-A9E4-D2E9C760FE10}.Release|x86.ActiveCfg = Release|Win32
		{FED84548-CFC1-4052-A9E4-D2E9C760FE10}.Release|x86.Build.0 = Release|Win32
		{1E1BE77D-384E-4023-A6DB-29AD00BCF096}.Debug|x64.ActiveCfg = Debug|x64
		{1E1BE77D-384E-4023-A6DB-29AD00BCF096}.Debug|x64.Build.0 = Debug|x64
		{1E1BE77D-384E-4023-A6DB-29AD00BCF096}.Debug|x86.ActiveCfg = Debug|Win32
		{1E1BE77D-384E-4023-A6DB-29AD00BCF096}.Debug|x86.Build.0 = Debug|Win32
		{1E1BE77D-384E-4023-A6DB-29AD00BCF096}.Release|x64.ActiveCfg = Release|x64
		{1E1BE77D-384E-4023-A6DB-29AD00BCF096}.Release|x64.Build.0 = Release|x64
		{1E1BE77D-384E-4023-A6DB-29AD00BCF096}.Release|x86.ActiveCfg = Release|Win32
		{1E1BE77D-384E-4023-A6DB-29AD00BCF096}.Release|x86.Build.0 = Release|Win32
		{439A4B31-E782-4D65-A796-5C0A0E2915AF}.Debug|x64.ActiveCfg = Debug|x64
		{439A4B31-E782-4D65-A796-5C0A0E2915AF}.Debug|x64.Build.0 = Debug|x64
		{439A4B31-E782-4D65-A796-5C0A0E2915AF}.Debug|x86.ActiveCfg = Debug|Win32
		{439A4B31-E782-4D65-A796-5C0A0E2915AF}.Debug|x86.Build.0 = Debug|Win32
		{439A4B31-E782-4D65-A796-5C0A0E2915AF}.Release|x64.ActiveCfg = Release|x64
		{439A4B31-E782-4D65-A796-5C0A0E2915AF}.Release|x64.Build.0 = Release|x64
		{439A4B31-E782-4D65-A796-5C0A0E2915AF}.Release|x86.ActiveCfg = Release|Win32
		{439A4B31-E782-4D65-A796-5C0A0E2915AF}.Release|x86.Build.0 = Release|Win32
		{2C0B007B-368E-4F4D-A5BB-0EE60AABAFD9}.Debug|x64.ActiveCfg = Debug|x64
		{2C0B007B-368E-4F4D-A5BB-0EE60AABAFD9}.Debug|x64.Build.0 = Debug|x64
		{2C0B007B-368E-4F4D-A5BB-0EE60AABAFD9}.Debug|x86.ActiveCfg = Debug|Win32
		{2C0B007B-368E-4F4D-A5BB-0EE60AABAFD9}.Debug|x86.Build.0 = Debug|Win32
		{2C0B007B-368E-4F4D-A5BB-0EE60AABAFD9}.Release|x64.ActiveCfg = Release|x64
		{2C0B007B-368E-4F4D-A5BB-0EE60AABAFD9}.Release|x64.Build.0 = Release|x64
		{2C0B007B-368E-4F4D-A5BB-0EE60AABAFD9}.Release|x86.ActiveCfg = Release|Win32
		{2C0B007B-368E-4F4D-A5BB-0EE60AABAFD9}.Release|x86.Build.0 = Release|Win32
		{7BEF8BD6-B19F-44D4-8535-133C85D9D9B0}.Debug|x64.ActiveCfg = Debug|x64
		{7BEF8BD6-B19F-44D4-8535-133C85D9D9B0}.Debug|x64.Build.0 = Debug|x64
		{7BEF8BD6-B19F-44D4-8535-133C85D9D9B0}.Debug|x86.ActiveCfg = Debug|Win32
		{7BEF8BD6-B19F-44D4-8535-133C85D9D9B0}.Debug|x86.Build.0 = Debug|Win32
		{7BEF8BD6-B19F-44D4-8535-133C85D9D9B0}.Release|x64.ActiveCfg = Release|x64
		{7BEF8BD6-B19F-44D4-8535-133C85D9D9B0}.Release|x64.Build.0 = Release|x64
		{7BEF8BD6-B19F-44D4-8535-133C85D9D9B0}.Release|x86.ActiveCfg = Release|Win32
		{7BEF8BD6-B19F-44D4-8535-133C85D9D9B0}.Release|x86.Build.0 = Release|Win32
		{0B4F138D-4759-4808-8E11-32DA3A195F89}.Debug|x64.ActiveCfg = Debug|x64
		{0B4F138D-4759-4808-8E11-32DA3A195F89}.Debug|x64.Build.0 = Debug|x64
		{0B4F138D-4759-4808-8E11-32DA3A195F89}.Debug|x86.ActiveCfg = Debug|Win32
		{0B4F138D-4759-4808-8E11-32DA3A195F89}.Debug|x86.Build.0 = Debug|Win32
		{0B4F138D-4759-4808-8E11-32DA3A195F89}.Release|x64.ActiveCfg = Release|x64
		{0B4F138D-4759-4808-8E11-32DA3A195F89}.Release|x64.Build.0 = Release|x64
		{0B4F138D-4759-4808-8E11-32DA3A195F89}.Release|x86.ActiveCfg = Release|Win32
		{0B4F138D-4759-4808-8E11-32DA3A195F89}.Release|x86.Build.0 = Release|Win32
		{D44F29EA-B7BD-4B32-BB53-7AD237253B01}.Debug|x64.ActiveCfg = Debug|x64
		{D44F29EA-B7BD-4B32-BB53-7AD237253B01}.Debug|x64.Build.0 = Debug|x64
		{D44F29EA-B7BD-4B32-BB53-7AD237253B01}.Debug|x86.ActiveCfg = Debug|Win32
		{D44F29EA-B7BD-4B32-BB53-7AD237253B01}.Debug|x86.Build.0 = Debug|Win32
		{D44F29EA-B7BD-4B32-BB53-7AD237253B01}.Release|x64.ActiveCfg = Release|x64
		{D44F29EA-B7BD-4B32-BB53-7AD237253B01}.Release|x64.Build.0 = Release|x64
		{D44F29EA-B7BD-4B32-BB53-7AD237253B01}.Release|x86.ActiveCfg = Release|Win32
		{D44F29EA-B7BD-4B32-BB53-7AD237253B01}.Release|x86.Build.0 = Release|Win32
		{F2F29098-5D03-45DA-978E-723CF0A1729C}.Debug|x64.ActiveCfg = Debug|x64
		{F2F29098-5D03-45DA-978E-723CF0A1729C}.Debug|x64.Build.0 = Debug|x64
		{F2F29098-5D03-45DA-978E-723CF0A1729C}.Debug|x86.ActiveCfg = Debug|Win32
		{F2F29098-5D03-45DA-978E-723CF0A1729C}.Debug|x86.Build.0 = Debug|Win32
		{F2F29098-5D03-45DA-978E-723CF0A1729C}.Release|x64.ActiveCfg = Release|x64
		{F2F29098-5D03-45DA-978E-723CF0A1729C}.Release|x64.Build.0 = Release|x64
		{F2F29098-5D03-45DA-978E-723CF0A1729C}.Release|x86.ActiveCfg = Release|Win32
		{F2F29098-5D03-45DA-978E-723CF0A1729C}.Release|x86.Build.0 = Release|Win32
		{ED1EF910-E4EC-40A3-BA45-28E8970D16C1}.Debug|x64.ActiveCfg = Debug|x64
		{ED1EF910-E4EC-40A3-BA45-28E8970D16C1}.Debug|x64.Build.0 = Debug|x64
		{ED1EF910-E4EC-40A3-BA45-28E8970D16C1}.Debug|x86.ActiveCfg = Debug|Win32
		{ED1EF910-E4EC-40A3-BA45-28E8970D16C1}.Debug|x86.Build.0 = Debug|Win32
		{ED1EF910-E4EC-40A3-BA45-28E8970D16C1}.Release|x64.ActiveCfg = Release|x64
		{ED1EF910-E4EC-40A3-BA45-28E8970D16C1}.Release|x64.Build.0 = Release|x64
		{ED1EF910-E4EC-40A3-BA45-28E8970D16C1}.Release|x86.ActiveCfg = Release|Win32
		{ED1EF910-E4EC-40A3-BA45-28E8970D16C1}.Release|x86.Build.0 = Release|Win32
		{D4FD67F5-84D6-4C93-87B4-C99027694D60}.Debug|x64.ActiveCfg = Debug|x64
		{D4FD67F5-84D6-4C93-87B4-C99027694D60}.Debug|x64.Build.0 = Debug|x64
		{D4FD67F5-84D6-4C93-87B4-C99027694D60}.Debug|x86.ActiveCfg = Debug|Win32
		{D4FD67F5-84D6-4C93-87B4-C99027694D60}.Debug|x86.Build.0 = Debug|Win32
		{D4FD67F5-84D6-4C93-87B4-C99027694D60}.Release|x64.ActiveCfg = Release|x64
		{D4FD67F5-84D6-4C93-87B4-C99027694D60}.Release|x64.Build.0 = Release|x64
		{D4FD67F5-84D6-4C93-87B4-C99027694D60}.Release|x86.ActiveCfg = Release|Win32
		{D4FD67F5-84D6-4C93-87B4-C99027694D60}.Release|x86.Build.0 = Release|Win32
		{EA600C44-B99A-457F-A06E-B987AC1F6F90}.Debug|x64.ActiveCfg = Debug|x64
		{EA600C44-B99A-457F-A06E-B987AC1F6F90}.Debug|x64.Build.0 = Debug|x64
		{EA600C44-B99A-457F-A06E-B987AC1F6F90}.Debug|x86.ActiveCfg = Debug|Win32
		{EA600C44-B99A-457F-A06E-B987AC1F6F90}.Debug|x86.Build.0 = Debug|Win32
		{EA600C44-B99A-457F-A06E-B987AC1F6F90}.Release|x64.ActiveCfg = Release|x64
		{EA600C44-B99A-457F-A06E-B987AC1F6F90}.Release|x64.Build.0 = Release|x64
		{EA600C44-B99A-457F-A06E-B987AC1F6F90}.Release|x86.ActiveCfg = Release|Win32
		{EA600C44-B99A-457F-A06E-B987AC1F6F90}.Release|x86.Build.0 = Release|Win32
		{6A3F951C-4BBC-42D6-A653-48357C8CEEF3}.Debug|x64.ActiveCfg = Debug|x64
		{6A3F951C-4BBC-42D6-A653-48357C8CEEF3}.Debug|x64.Build.0 = Debug|x64
		{6A3F951C-4BBC-42D6-A653-48357C8CEEF3}.Debug|x86.ActiveCfg = Debug|Win32
		{6A3F951C-4BBC-42D6-A653-48357C8CEEF3}.Debug|x86.Build.0 = Debug|Win32
		{6A3F951C-4BBC-42D6-A653-48357C8CEEF3}.Release|x64.ActiveCfg = Release|x64
		{6A3F951C-4BBC-42D6-A653-48357C8CEEF3}.Release|x64.Build.0 = Release|x64
		{6A3F951C-4BBC-42D6-A653-48357C8CEEF3}.Release|x86.ActiveCfg = Release|Win32
		{6A3F951C-4BBC-42D6-A653-48357C8CEEF3}.Release|x86.Build.0 = Release|Win32
		{CEC21EE6-025B-4C04-A30D-F9F92E48C4F6}.Debug|x64.ActiveCfg = Debug|x64
		{CEC21EE6-025B-4C04-A30D-F9F92E48C4F6}.Debug|x64.Build.0 = Debug|x64
		{CEC21EE6-025B-4C04-A30D-F9F92E48C4F6}.Debug|x86.ActiveCfg = Debug|Win32
		{CEC21EE6-025B-4C04-A30D-F9F92E48C4F6}.Debug|x86.Build.0 = Debug|Win32
		{CEC21EE6-025B-4C04-A30D-F9F92E48C4F6}.Release|x64.ActiveCfg = Release|x64
		{CEC21EE6-025B-4C04-A30D-F9F92E48C4F6}.Release|x64.Build.0 = Release|x64
		{CEC21EE6-025B-4C04-A30D-F9F92E48C4F6}.Release|x86.ActiveCfg = Release|Win32
		{CEC21EE6-025B-4C04-A30D-F9F92E48C4F6}.Release|x86.Build.0 = Release|Win32
		{D1CB6195-8BD2-4936-B61C-73B099F0C33B}.Debug|x64.ActiveCfg = Debug|x64
		{D1CB6195-8BD2-4936-B61C-73B099F0C33B}.Debug|x64.Build.0 = Debug|x64
		{D1CB6195-8BD2-4936-B61C-73B099F0C33B}.Debug|x86.ActiveCfg = Debug|Win32
		{D1CB6195-8BD2-4936-B61C-73B099F0C33B}.Debug|x86.Build.0 = Debug|Win32
		{D1CB6195-8BD2-4936-B61C-73B099F0C33B}.Release|x64.ActiveCfg = Release|x64
		{D1CB6195-8BD2-4936-B61C-73B099F0C33B}.Release|x64.Build.0 = Release|x64
		{D1CB6195-8BD2-4936-B61C-73B099F0C33B}.Release|x86.ActiveCfg = Release|Win32
		{D1CB6195-8BD2-4936-B61C-73B099F0C33B}.Release|x86.Build.0 = Release|Win32
		{933F69CA-BE33-41D8-A91C-40B162395AD1}.Debug|x64.ActiveCfg = Debug|x64
		{933F69CA-BE33-41D8-A91C-40B162395AD1}.Debug|x64.Build.0 = Debug|x64
		{933F69CA-BE33-41D8-A91C-40B162395AD1}.Debug|x86.ActiveCfg = Debug|Win32
		{933F69CA-BE33-41D8-A91C-40B162395AD1}.Debug|x86.Build.0 = Debug|Win32
		{933F69CA-BE33-41D8-A91C-40B162395AD1}.Release|x64.ActiveCfg = Release|x64
		{933F69CA-BE33-41D8-A91C-40B162395AD1}.Release|x64.Build.0 = Release|x64
		{933F69CA-BE33-41D8-A91C-40B162395AD1}.Release|x86.ActiveCfg = Release|Win32
		{933F69CA-BE33-41D8-A91C-40B162395AD1}.Release|x86.Build.0 = Release|Win32
		{0A158F8D-8308-4AB1-9407-9F495EAFEC22}.Debug|x64.ActiveCfg = Debug|x64
		{0A158F8D-8308-4AB1-9407-9F495EAFEC22}.Debug|x64.Build.0 = Debug|x64
		{0A158F8D-8308-4AB1-9407-9F495EAFEC22}.Debug|x86.ActiveCfg = Debug|Win32
		{0A158F8D-8308-4AB1-9407-9F495EAFEC22}.Debug|x86.Build.0 = Debug|Win32
		{0A158F8D-8308-4AB1-9407-9F495EAFEC22}.Release|x64.ActiveCfg = Release|x64
		{0A158F8D-8308-4AB1-9407-9F495EAFEC22}.Release|x64.Build.0 = Release|x64
		{0A158F8D-8308-4AB1-9407-9F495EAFEC22}.Release|x86.ActiveCfg = Release|Win32
		{0A158F8D-8308-4AB1-9407-9F495EAFEC22}.Release|x86.Build.0 = Release|Win32
		{F6CDC373-3A3C-42CD-B0C6-07EA0990F668}.Debug|x64.ActiveCfg = Debug|x64
		{F6CDC373-3A3C-42CD-B0C6-07EA0990F668}.Debug|x64.Build.0 = Debug|x64
		{F6CDC373-3A3C-42CD-B0C6-07EA0990F668}.Debug|x86.ActiveCfg = Debug|Win32
		{F6CDC373-3A3C-42CD-B0C6-07EA0990F668}.Debug|x86.Build.0 = Debug|Win32
		{F6CDC373-3A3C-42CD-B0C6-07EA0990F668}.Release|x64.ActiveCfg = Release|x64
		{F6CDC373-3A3C-42CD-B0C6-07EA0990F668}.Release|x64.Build.0 = Release|x64
		{F6CDC373-3A3C-42CD-B0C6-07EA0990F668}.Release|x86.ActiveCfg = Release|Win32
		{F6CDC373-3A3C-42CD-B0C6-07EA0990F668}.Release|x86.Build.0 = Release|Win32
		{46232017-2EE8-4FF2-BBD3-2F3F2D9C2D88}.Debug|x64.ActiveCfg = Debug|x64
		{46232017-2EE8-4FF2-BBD3-2F3F2D9C2D88}.Debug|x64.Build.0 = Debug|x64
		{46232017-2EE8-4FF2-BBD3-2F3F2D9C2D88}.Debug|x86.ActiveCfg = Debug|Win32
		{46232017-2EE8-4FF2-BBD3-2F3F2D9C2D88}.Debug|x86.Build.0 = Debug|Win32
		{46232017-2EE8-4FF2-BBD3-2F3F2D9C2D88}.Release|x64.ActiveCfg = Release|x64
		{46232017-2EE8-4FF2-BBD3-2F3F2D9C2D88}.Release|x64.Build.0 = Release|x64
		{46232017-2EE8-4FF2-BBD3-2F3F2D9C2D88}.Release|x86.ActiveCfg = Release|Win32
		{46232017-2EE8-4FF2-BBD3-2F3F2D9C2D88}.Release|x86.Build.0 = Release|Win32
		{623AA9D0-D82A-42FC-A66B-A5B1A402E734}.Debug|x64.ActiveCfg = Debug|x64
		{623AA9D0-D82A-42FC-A66B-A5B1A402E734}.Debug|x64.Build.0 = Debug|x64
		{623AA9D0-D82A-42FC-A66B-A5B1A402E734}.Debug|x86.ActiveCfg = Debug|Win32
		{623AA9D0-D82A-42FC-A66B-A5B1A402E734}.Debug|x86.Build.0 = Debug|Win32
		{623AA9D0-D82A-42FC-A66B-A5B1A402E734}.Release|x64.ActiveCfg = Release|x64
		{623AA9D0-D82A-42FC-A66B-A5B1A402E734}.Release|x64.Build.0 = Release|x64
		{623AA9D0-D82A-42FC-A66B-A5B1A402E734}.Release|x86.ActiveCfg = Release|Win32
		{623AA9D0-D82A-42FC-A66B-A5B1A402E734}.Release|x86.Build.0 = Release|Win32
		{3C09C493-5A67-4361-84C8-6EC6BC4D41AD}.Debug|x64.ActiveCfg = Debug|x64
		{3C09C493-5A67-4361-84C8-6EC6BC4D41AD}.Debug|x64.Build.0 = Debug|x64
		{3C09C493-5A67-4361-84C8-6EC6BC4D41AD}.Debug|x86.ActiveCfg = Debug|Win32
		{3C09C493-5A67-4361-84C8-6EC6BC4D41AD}.Debug|x86.Build.0 = Debug|Win32
		{3C09C493-5A67-4361-84C8-6EC6BC4D41AD}.Release|x64.ActiveCfg = Release|x64
		{3C09C493-5A67-4361-84C8-6EC6BC4D41AD}.Release|x64.Build.0 = Release|x64
		{3C09C493-5A67-4361-84C8-6EC6BC4D41AD}.Release|x86.ActiveCfg = Release|Win32
		{3C09C493-5A67-4361-84C8-6EC6BC4D41AD}.Release|x86.Build.0 = Release|Win32
		{8F79AD2A-A753-4654-9847-FA35AA478CBE}.Debug|x64.ActiveCfg = Debug|x64
		{8F79AD2A-A753-4654-9847-FA35AA478CBE}.Debug|x64.Build.0 = Debug|x64
		{8F79AD2A-A753-4654-9847-FA35AA478CBE}.Debug|x86.ActiveCfg = Debug|Win32
		{8F79AD2A-A753-4654-9847-FA35AA478CBE}.Debug|x86.Build.0 = Debug|Win32
		{8F79AD2A-A753-4654-9847-FA35AA478CBE}.Release|x64.ActiveCfg = Release|x64
		{8F79AD2A-A753-4654-9847-FA35AA478CBE}.Release|x64.Build.0 = Release|x64
		{8F79AD2A-A753-4654-9847-FA35AA478CBE}.Release|x86.ActiveCfg = Release|Win32
		{8F79AD2A-A753-4654-9847-FA35AA478CBE}.Release|x86.Build.0 = Release|Win32
	EndGlobalSection
	GlobalSection(SolutionProperties) = preSolution
		HideSolutionNode = FALSE
	EndGlobalSection
	GlobalSection(ExtensibilityGlobals) = postSolution
		SolutionGuid = {713F3997-18E5-4E2B-93BF-FFCF91B4229B}
	EndGlobalSection
EndGlobal
