
Microsoft Visual Studio Solution File, Format Version 12.00
# Visual Studio Version 16
VisualStudioVersion = 16.0.31321.278
MinimumVisualStudioVersion = 10.0.40219.1
Project("{8BC9CEB8-8B4A-11D0-8D11-00A0C91BC942}") = "Project1", "Project1\Project1.vcxproj", "{07595A21-8D73-42D7-A6D4-1492A0D0D868}"
EndProject
Project("{8BC9CEB8-8B4A-11D0-8D11-00A0C91BC942}") = "Project2", "Project2\Project2.vcxproj", "{1C911DC4-7F80-4ACD-8FDB-49A6F51A3DF1}"
EndProject
Project("{8BC9CEB8-8B4A-11D0-8D11-00A0C91BC942}") = "ostream", "ostream\ostream.vcxproj", "{9718D6A7-FD75-42D2-8599-B489FBA69CB6}"
EndProject
Project("{8BC9CEB8-8B4A-11D0-8D11-00A0C91BC942}") = "istream", "istream\istream.vcxproj", "{E36980BA-7512-4465-A9FF-8810E46876D8}"
EndProject
Project("{8BC9CEB8-8B4A-11D0-8D11-00A0C91BC942}") = "istream_2", "istream_2\istream_2.vcxproj", "{29727D6D-7CC6-443A-9F6B-DE11F82AD9EB}"
EndProject
Project("{8BC9CEB8-8B4A-11D0-8D11-00A0C91BC942}") = "istream_3", "istream_3\istream_3.vcxproj", "{9A30F20F-7449-4BF9-86C7-75A734DFBC82}"
EndProject
Project("{8BC9CEB8-8B4A-11D0-8D11-00A0C91BC942}") = "istream_4", "istream_4\istream_4.vcxproj", "{4FF9D74D-AF25-4FB1-A33A-4C6102222A76}"
EndProject
Project("{8BC9CEB8-8B4A-11D0-8D11-00A0C91BC942}") = "istream_5", "istream_5\istream_5.vcxproj", "{267B27EB-428E-4792-95D2-DF1BC00C6EDB}"
EndProject
Project("{8BC9CEB8-8B4A-11D0-8D11-00A0C91BC942}") = "Format_1", "Format_1\Format_1.vcxproj", "{3BA57959-E69F-46DF-962C-5892BA91E843}"
EndProject
Project("{8BC9CEB8-8B4A-11D0-8D11-00A0C91BC942}") = "Format_2", "Format_2\Format_2.vcxproj", "{B4247EB9-D7D6-4F20-8B37-54DFCD83CC4B}"
EndProject
Project("{8BC9CEB8-8B4A-11D0-8D11-00A0C91BC942}") = "Format_3", "Format_3\Format_3.vcxproj", "{F12CFBE2-A280-435D-8F2F-69CF09A8D66A}"
EndProject
Project("{8BC9CEB8-8B4A-11D0-8D11-00A0C91BC942}") = "Format_4", "Format_4\Format_4.vcxproj", "{7B1ADA0A-046F-4E02-9473-A0411A616C4B}"
EndProject
Project("{8BC9CEB8-8B4A-11D0-8D11-00A0C91BC942}") = "File_1", "File_1\File_1.vcxproj", "{C665D6E6-C135-47A2-B460-0751D8A6991B}"
EndProject
Global
	GlobalSection(SolutionConfigurationPlatforms) = preSolution
		Debug|x64 = Debug|x64
		Debug|x86 = Debug|x86
		Release|x64 = Release|x64
		Release|x86 = Release|x86
	EndGlobalSection
	GlobalSection(ProjectConfigurationPlatforms) = postSolution
		{07595A21-8D73-42D7-A6D4-1492A0D0D868}.Debug|x64.ActiveCfg = Debug|x64
		{07595A21-8D73-42D7-A6D4-1492A0D0D868}.Debug|x64.Build.0 = Debug|x64
		{07595A21-8D73-42D7-A6D4-1492A0D0D868}.Debug|x86.ActiveCfg = Debug|Win32
		{07595A21-8D73-42D7-A6D4-1492A0D0D868}.Debug|x86.Build.0 = Debug|Win32
		{07595A21-8D73-42D7-A6D4-1492A0D0D868}.Release|x64.ActiveCfg = Release|x64
		{07595A21-8D73-42D7-A6D4-1492A0D0D868}.Release|x64.Build.0 = Release|x64
		{07595A21-8D73-42D7-A6D4-1492A0D0D868}.Release|x86.ActiveCfg = Release|Win32
		{07595A21-8D73-42D7-A6D4-1492A0D0D868}.Release|x86.Build.0 = Release|Win32
		{1C911DC4-7F80-4ACD-8FDB-49A6F51A3DF1}.Debug|x64.ActiveCfg = Debug|x64
		{1C911DC4-7F80-4ACD-8FDB-49A6F51A3DF1}.Debug|x64.Build.0 = Debug|x64
		{1C911DC4-7F80-4ACD-8FDB-49A6F51A3DF1}.Debug|x86.ActiveCfg = Debug|Win32
		{1C911DC4-7F80-4ACD-8FDB-49A6F51A3DF1}.Debug|x86.Build.0 = Debug|Win32
		{1C911DC4-7F80-4ACD-8FDB-49A6F51A3DF1}.Release|x64.ActiveCfg = Release|x64
		{1C911DC4-7F80-4ACD-8FDB-49A6F51A3DF1}.Release|x64.Build.0 = Release|x64
		{1C911DC4-7F80-4ACD-8FDB-49A6F51A3DF1}.Release|x86.ActiveCfg = Release|Win32
		{1C911DC4-7F80-4ACD-8FDB-49A6F51A3DF1}.Release|x86.Build.0 = Release|Win32
		{9718D6A7-FD75-42D2-8599-B489FBA69CB6}.Debug|x64.ActiveCfg = Debug|x64
		{9718D6A7-FD75-42D2-8599-B489FBA69CB6}.Debug|x64.Build.0 = Debug|x64
		{9718D6A7-FD75-42D2-8599-B489FBA69CB6}.Debug|x86.ActiveCfg = Debug|Win32
		{9718D6A7-FD75-42D2-8599-B489FBA69CB6}.Debug|x86.Build.0 = Debug|Win32
		{9718D6A7-FD75-42D2-8599-B489FBA69CB6}.Release|x64.ActiveCfg = Release|x64
		{9718D6A7-FD75-42D2-8599-B489FBA69CB6}.Release|x64.Build.0 = Release|x64
		{9718D6A7-FD75-42D2-8599-B489FBA69CB6}.Release|x86.ActiveCfg = Release|Win32
		{9718D6A7-FD75-42D2-8599-B489FBA69CB6}.Release|x86.Build.0 = Release|Win32
		{E36980BA-7512-4465-A9FF-8810E46876D8}.Debug|x64.ActiveCfg = Debug|x64
		{E36980BA-7512-4465-A9FF-8810E46876D8}.Debug|x64.Build.0 = Debug|x64
		{E36980BA-7512-4465-A9FF-8810E46876D8}.Debug|x86.ActiveCfg = Debug|Win32
		{E36980BA-7512-4465-A9FF-8810E46876D8}.Debug|x86.Build.0 = Debug|Win32
		{E36980BA-7512-4465-A9FF-8810E46876D8}.Release|x64.ActiveCfg = Release|x64
		{E36980BA-7512-4465-A9FF-8810E46876D8}.Release|x64.Build.0 = Release|x64
		{E36980BA-7512-4465-A9FF-8810E46876D8}.Release|x86.ActiveCfg = Release|Win32
		{E36980BA-7512-4465-A9FF-8810E46876D8}.Release|x86.Build.0 = Release|Win32
		{29727D6D-7CC6-443A-9F6B-DE11F82AD9EB}.Debug|x64.ActiveCfg = Debug|x64
		{29727D6D-7CC6-443A-9F6B-DE11F82AD9EB}.Debug|x64.Build.0 = Debug|x64
		{29727D6D-7CC6-443A-9F6B-DE11F82AD9EB}.Debug|x86.ActiveCfg = Debug|Win32
		{29727D6D-7CC6-443A-9F6B-DE11F82AD9EB}.Debug|x86.Build.0 = Debug|Win32
		{29727D6D-7CC6-443A-9F6B-DE11F82AD9EB}.Release|x64.ActiveCfg = Release|x64
		{29727D6D-7CC6-443A-9F6B-DE11F82AD9EB}.Release|x64.Build.0 = Release|x64
		{29727D6D-7CC6-443A-9F6B-DE11F82AD9EB}.Release|x86.ActiveCfg = Release|Win32
		{29727D6D-7CC6-443A-9F6B-DE11F82AD9EB}.Release|x86.Build.0 = Release|Win32
		{9A30F20F-7449-4BF9-86C7-75A734DFBC82}.Debug|x64.ActiveCfg = Debug|x64
		{9A30F20F-7449-4BF9-86C7-75A734DFBC82}.Debug|x64.Build.0 = Debug|x64
		{9A30F20F-7449-4BF9-86C7-75A734DFBC82}.Debug|x86.ActiveCfg = Debug|Win32
		{9A30F20F-7449-4BF9-86C7-75A734DFBC82}.Debug|x86.Build.0 = Debug|Win32
		{9A30F20F-7449-4BF9-86C7-75A734DFBC82}.Release|x64.ActiveCfg = Release|x64
		{9A30F20F-7449-4BF9-86C7-75A734DFBC82}.Release|x64.Build.0 = Release|x64
		{9A30F20F-7449-4BF9-86C7-75A734DFBC82}.Release|x86.ActiveCfg = Release|Win32
		{9A30F20F-7449-4BF9-86C7-75A734DFBC82}.Release|x86.Build.0 = Release|Win32
		{4FF9D74D-AF25-4FB1-A33A-4C6102222A76}.Debug|x64.ActiveCfg = Debug|x64
		{4FF9D74D-AF25-4FB1-A33A-4C6102222A76}.Debug|x64.Build.0 = Debug|x64
		{4FF9D74D-AF25-4FB1-A33A-4C6102222A76}.Debug|x86.ActiveCfg = Debug|Win32
		{4FF9D74D-AF25-4FB1-A33A-4C6102222A76}.Debug|x86.Build.0 = Debug|Win32
		{4FF9D74D-AF25-4FB1-A33A-4C6102222A76}.Release|x64.ActiveCfg = Release|x64
		{4FF9D74D-AF25-4FB1-A33A-4C6102222A76}.Release|x64.Build.0 = Release|x64
		{4FF9D74D-AF25-4FB1-A33A-4C6102222A76}.Release|x86.ActiveCfg = Release|Win32
		{4FF9D74D-AF25-4FB1-A33A-4C6102222A76}.Release|x86.Build.0 = Release|Win32
		{267B27EB-428E-4792-95D2-DF1BC00C6EDB}.Debug|x64.ActiveCfg = Debug|x64
		{267B27EB-428E-4792-95D2-DF1BC00C6EDB}.Debug|x64.Build.0 = Debug|x64
		{267B27EB-428E-4792-95D2-DF1BC00C6EDB}.Debug|x86.ActiveCfg = Debug|Win32
		{267B27EB-428E-4792-95D2-DF1BC00C6EDB}.Debug|x86.Build.0 = Debug|Win32
		{267B27EB-428E-4792-95D2-DF1BC00C6EDB}.Release|x64.ActiveCfg = Release|x64
		{267B27EB-428E-4792-95D2-DF1BC00C6EDB}.Release|x64.Build.0 = Release|x64
		{267B27EB-428E-4792-95D2-DF1BC00C6EDB}.Release|x86.ActiveCfg = Release|Win32
		{267B27EB-428E-4792-95D2-DF1BC00C6EDB}.Release|x86.Build.0 = Release|Win32
		{3BA57959-E69F-46DF-962C-5892BA91E843}.Debug|x64.ActiveCfg = Debug|x64
		{3BA57959-E69F-46DF-962C-5892BA91E843}.Debug|x64.Build.0 = Debug|x64
		{3BA57959-E69F-46DF-962C-5892BA91E843}.Debug|x86.ActiveCfg = Debug|Win32
		{3BA57959-E69F-46DF-962C-5892BA91E843}.Debug|x86.Build.0 = Debug|Win32
		{3BA57959-E69F-46DF-962C-5892BA91E843}.Release|x64.ActiveCfg = Release|x64
		{3BA57959-E69F-46DF-962C-5892BA91E843}.Release|x64.Build.0 = Release|x64
		{3BA57959-E69F-46DF-962C-5892BA91E843}.Release|x86.ActiveCfg = Release|Win32
		{3BA57959-E69F-46DF-962C-5892BA91E843}.Release|x86.Build.0 = Release|Win32
		{B4247EB9-D7D6-4F20-8B37-54DFCD83CC4B}.Debug|x64.ActiveCfg = Debug|x64
		{B4247EB9-D7D6-4F20-8B37-54DFCD83CC4B}.Debug|x64.Build.0 = Debug|x64
		{B4247EB9-D7D6-4F20-8B37-54DFCD83CC4B}.Debug|x86.ActiveCfg = Debug|Win32
		{B4247EB9-D7D6-4F20-8B37-54DFCD83CC4B}.Debug|x86.Build.0 = Debug|Win32
		{B4247EB9-D7D6-4F20-8B37-54DFCD83CC4B}.Release|x64.ActiveCfg = Release|x64
		{B4247EB9-D7D6-4F20-8B37-54DFCD83CC4B}.Release|x64.Build.0 = Release|x64
		{B4247EB9-D7D6-4F20-8B37-54DFCD83CC4B}.Release|x86.ActiveCfg = Release|Win32
		{B4247EB9-D7D6-4F20-8B37-54DFCD83CC4B}.Release|x86.Build.0 = Release|Win32
		{F12CFBE2-A280-435D-8F2F-69CF09A8D66A}.Debug|x64.ActiveCfg = Debug|x64
		{F12CFBE2-A280-435D-8F2F-69CF09A8D66A}.Debug|x64.Build.0 = Debug|x64
		{F12CFBE2-A280-435D-8F2F-69CF09A8D66A}.Debug|x86.ActiveCfg = Debug|Win32
		{F12CFBE2-A280-435D-8F2F-69CF09A8D66A}.Debug|x86.Build.0 = Debug|Win32
		{F12CFBE2-A280-435D-8F2F-69CF09A8D66A}.Release|x64.ActiveCfg = Release|x64
		{F12CFBE2-A280-435D-8F2F-69CF09A8D66A}.Release|x64.Build.0 = Release|x64
		{F12CFBE2-A280-435D-8F2F-69CF09A8D66A}.Release|x86.ActiveCfg = Release|Win32
		{F12CFBE2-A280-435D-8F2F-69CF09A8D66A}.Release|x86.Build.0 = Release|Win32
		{7B1ADA0A-046F-4E02-9473-A0411A616C4B}.Debug|x64.ActiveCfg = Debug|x64
		{7B1ADA0A-046F-4E02-9473-A0411A616C4B}.Debug|x64.Build.0 = Debug|x64
		{7B1ADA0A-046F-4E02-9473-A0411A616C4B}.Debug|x86.ActiveCfg = Debug|Win32
		{7B1ADA0A-046F-4E02-9473-A0411A616C4B}.Debug|x86.Build.0 = Debug|Win32
		{7B1ADA0A-046F-4E02-9473-A0411A616C4B}.Release|x64.ActiveCfg = Release|x64
		{7B1ADA0A-046F-4E02-9473-A0411A616C4B}.Release|x64.Build.0 = Release|x64
		{7B1ADA0A-046F-4E02-9473-A0411A616C4B}.Release|x86.ActiveCfg = Release|Win32
		{7B1ADA0A-046F-4E02-9473-A0411A616C4B}.Release|x86.Build.0 = Release|Win32
		{C665D6E6-C135-47A2-B460-0751D8A6991B}.Debug|x64.ActiveCfg = Debug|x64
		{C665D6E6-C135-47A2-B460-0751D8A6991B}.Debug|x64.Build.0 = Debug|x64
		{C665D6E6-C135-47A2-B460-0751D8A6991B}.Debug|x86.ActiveCfg = Debug|Win32
		{C665D6E6-C135-47A2-B460-0751D8A6991B}.Debug|x86.Build.0 = Debug|Win32
		{C665D6E6-C135-47A2-B460-0751D8A6991B}.Release|x64.ActiveCfg = Release|x64
		{C665D6E6-C135-47A2-B460-0751D8A6991B}.Release|x64.Build.0 = Release|x64
		{C665D6E6-C135-47A2-B460-0751D8A6991B}.Release|x86.ActiveCfg = Release|Win32
		{C665D6E6-C135-47A2-B460-0751D8A6991B}.Release|x86.Build.0 = Release|Win32
	EndGlobalSection
	GlobalSection(SolutionProperties) = preSolution
		HideSolutionNode = FALSE
	EndGlobalSection
	GlobalSection(ExtensibilityGlobals) = postSolution
		SolutionGuid = {9DFAAE51-D10E-45A4-96D6-CA4E76E16229}
	EndGlobalSection
EndGlobal
