
Microsoft Visual Studio Solution File, Format Version 12.00
# Visual Studio Version 16
VisualStudioVersion = 16.0.31321.278
MinimumVisualStudioVersion = 10.0.40219.1
Project("{8BC9CEB8-8B4A-11D0-8D11-00A0C91BC942}") = "Day002", "Day002\Day002.vcxproj", "{FEC31FDC-ACE1-40EE-A6DD-AFE0F7E656F7}"
EndProject
Project("{8BC9CEB8-8B4A-11D0-8D11-00A0C91BC942}") = "If_1", "If_1\If_1.vcxproj", "{AA88C81A-6794-4E5B-A7E7-EE60E577C252}"
EndProject
Project("{8BC9CEB8-8B4A-11D0-8D11-00A0C91BC942}") = "switch", "switch\switch.vcxproj", "{727D4FF7-EF9D-429B-81E5-6EAAE443972F}"
EndProject
Project("{8BC9CEB8-8B4A-11D0-8D11-00A0C91BC942}") = "loop_1", "loop_1\loop_1.vcxproj", "{2D5C22DB-F5BA-4832-909E-C4DB000D0C54}"
EndProject
Project("{8BC9CEB8-8B4A-11D0-8D11-00A0C91BC942}") = "loop_2", "loop_2\loop_2.vcxproj", "{2D01280A-77DB-4C0E-B12E-6AEF81ACEABF}"
EndProject
Project("{8BC9CEB8-8B4A-11D0-8D11-00A0C91BC942}") = "score_2", "score_2\score_2.vcxproj", "{80EAB356-6903-42C6-A6EF-73AA9EE68BE6}"
EndProject
Project("{8BC9CEB8-8B4A-11D0-8D11-00A0C91BC942}") = "String", "String\String.vcxproj", "{19E3B15B-2CE3-48FF-9689-00499F68140C}"
EndProject
Project("{8BC9CEB8-8B4A-11D0-8D11-00A0C91BC942}") = "String2", "String2\String2.vcxproj", "{6D0663C1-C702-4535-A045-E5FAB69B9B41}"
EndProject
Project("{8BC9CEB8-8B4A-11D0-8D11-00A0C91BC942}") = "String3", "String_3\String_3.vcxproj", "{381C53CD-5AFC-4F85-BCEB-69DF1D41430A}"
EndProject
Project("{8BC9CEB8-8B4A-11D0-8D11-00A0C91BC942}") = "Game", "Game\Game.vcxproj", "{D3DE6F69-7050-4AB9-934E-048E250D2397}"
EndProject
Project("{8BC9CEB8-8B4A-11D0-8D11-00A0C91BC942}") = "Array_1", "array_1\array_1.vcxproj", "{41B904B4-8EFD-4BB3-8C33-13E37DB9DD81}"
EndProject
Project("{8BC9CEB8-8B4A-11D0-8D11-00A0C91BC942}") = "Array_2", "Array_2\Array_2.vcxproj", "{A39AE0C9-9B11-49C9-9851-DEFD478D703D}"
EndProject
Project("{8BC9CEB8-8B4A-11D0-8D11-00A0C91BC942}") = "Array_3", "Array_3\Array_3.vcxproj", "{824CA2E7-AE0D-40DC-99A5-5ABAAA324C6E}"
EndProject
Project("{8BC9CEB8-8B4A-11D0-8D11-00A0C91BC942}") = "Pointer_1", "Pointer_1\Pointer_1.vcxproj", "{905998E0-0E5E-4FB9-8323-D2EEB59C31E1}"
EndProject
Project("{8BC9CEB8-8B4A-11D0-8D11-00A0C91BC942}") = "Function_1", "Function_1\Function_1.vcxproj", "{D09E8341-428E-469B-85BB-68D949507855}"
EndProject
Project("{8BC9CEB8-8B4A-11D0-8D11-00A0C91BC942}") = "Structure_1", "Structure_1\Structure_1.vcxproj", "{4E71ABD8-A13E-4175-AF54-8E2E2610F837}"
EndProject
Project("{8BC9CEB8-8B4A-11D0-8D11-00A0C91BC942}") = "Structure_2", "Structure_2\Structure_2.vcxproj", "{A15AD058-4FF3-4079-A227-D6B8F76299AA}"
EndProject
Global
	GlobalSection(SolutionConfigurationPlatforms) = preSolution
		Debug|x64 = Debug|x64
		Debug|x86 = Debug|x86
		Release|x64 = Release|x64
		Release|x86 = Release|x86
	EndGlobalSection
	GlobalSection(ProjectConfigurationPlatforms) = postSolution
		{FEC31FDC-ACE1-40EE-A6DD-AFE0F7E656F7}.Debug|x64.ActiveCfg = Debug|x64
		{FEC31FDC-ACE1-40EE-A6DD-AFE0F7E656F7}.Debug|x64.Build.0 = Debug|x64
		{FEC31FDC-ACE1-40EE-A6DD-AFE0F7E656F7}.Debug|x86.ActiveCfg = Debug|Win32
		{FEC31FDC-ACE1-40EE-A6DD-AFE0F7E656F7}.Debug|x86.Build.0 = Debug|Win32
		{FEC31FDC-ACE1-40EE-A6DD-AFE0F7E656F7}.Release|x64.ActiveCfg = Release|x64
		{FEC31FDC-ACE1-40EE-A6DD-AFE0F7E656F7}.Release|x64.Build.0 = Release|x64
		{FEC31FDC-ACE1-40EE-A6DD-AFE0F7E656F7}.Release|x86.ActiveCfg = Release|Win32
		{FEC31FDC-ACE1-40EE-A6DD-AFE0F7E656F7}.Release|x86.Build.0 = Release|Win32
		{AA88C81A-6794-4E5B-A7E7-EE60E577C252}.Debug|x64.ActiveCfg = Debug|x64
		{AA88C81A-6794-4E5B-A7E7-EE60E577C252}.Debug|x64.Build.0 = Debug|x64
		{AA88C81A-6794-4E5B-A7E7-EE60E577C252}.Debug|x86.ActiveCfg = Debug|Win32
		{AA88C81A-6794-4E5B-A7E7-EE60E577C252}.Debug|x86.Build.0 = Debug|Win32
		{AA88C81A-6794-4E5B-A7E7-EE60E577C252}.Release|x64.ActiveCfg = Release|x64
		{AA88C81A-6794-4E5B-A7E7-EE60E577C252}.Release|x64.Build.0 = Release|x64
		{AA88C81A-6794-4E5B-A7E7-EE60E577C252}.Release|x86.ActiveCfg = Release|Win32
		{AA88C81A-6794-4E5B-A7E7-EE60E577C252}.Release|x86.Build.0 = Release|Win32
		{727D4FF7-EF9D-429B-81E5-6EAAE443972F}.Debug|x64.ActiveCfg = Debug|x64
		{727D4FF7-EF9D-429B-81E5-6EAAE443972F}.Debug|x64.Build.0 = Debug|x64
		{727D4FF7-EF9D-429B-81E5-6EAAE443972F}.Debug|x86.ActiveCfg = Debug|Win32
		{727D4FF7-EF9D-429B-81E5-6EAAE443972F}.Debug|x86.Build.0 = Debug|Win32
		{727D4FF7-EF9D-429B-81E5-6EAAE443972F}.Release|x64.ActiveCfg = Release|x64
		{727D4FF7-EF9D-429B-81E5-6EAAE443972F}.Release|x64.Build.0 = Release|x64
		{727D4FF7-EF9D-429B-81E5-6EAAE443972F}.Release|x86.ActiveCfg = Release|Win32
		{727D4FF7-EF9D-429B-81E5-6EAAE443972F}.Release|x86.Build.0 = Release|Win32
		{2D5C22DB-F5BA-4832-909E-C4DB000D0C54}.Debug|x64.ActiveCfg = Debug|x64
		{2D5C22DB-F5BA-4832-909E-C4DB000D0C54}.Debug|x64.Build.0 = Debug|x64
		{2D5C22DB-F5BA-4832-909E-C4DB000D0C54}.Debug|x86.ActiveCfg = Debug|Win32
		{2D5C22DB-F5BA-4832-909E-C4DB000D0C54}.Debug|x86.Build.0 = Debug|Win32
		{2D5C22DB-F5BA-4832-909E-C4DB000D0C54}.Release|x64.ActiveCfg = Release|x64
		{2D5C22DB-F5BA-4832-909E-C4DB000D0C54}.Release|x64.Build.0 = Release|x64
		{2D5C22DB-F5BA-4832-909E-C4DB000D0C54}.Release|x86.ActiveCfg = Release|Win32
		{2D5C22DB-F5BA-4832-909E-C4DB000D0C54}.Release|x86.Build.0 = Release|Win32
		{2D01280A-77DB-4C0E-B12E-6AEF81ACEABF}.Debug|x64.ActiveCfg = Debug|x64
		{2D01280A-77DB-4C0E-B12E-6AEF81ACEABF}.Debug|x64.Build.0 = Debug|x64
		{2D01280A-77DB-4C0E-B12E-6AEF81ACEABF}.Debug|x86.ActiveCfg = Debug|Win32
		{2D01280A-77DB-4C0E-B12E-6AEF81ACEABF}.Debug|x86.Build.0 = Debug|Win32
		{2D01280A-77DB-4C0E-B12E-6AEF81ACEABF}.Release|x64.ActiveCfg = Release|x64
		{2D01280A-77DB-4C0E-B12E-6AEF81ACEABF}.Release|x64.Build.0 = Release|x64
		{2D01280A-77DB-4C0E-B12E-6AEF81ACEABF}.Release|x86.ActiveCfg = Release|Win32
		{2D01280A-77DB-4C0E-B12E-6AEF81ACEABF}.Release|x86.Build.0 = Release|Win32
		{80EAB356-6903-42C6-A6EF-73AA9EE68BE6}.Debug|x64.ActiveCfg = Debug|x64
		{80EAB356-6903-42C6-A6EF-73AA9EE68BE6}.Debug|x64.Build.0 = Debug|x64
		{80EAB356-6903-42C6-A6EF-73AA9EE68BE6}.Debug|x86.ActiveCfg = Debug|Win32
		{80EAB356-6903-42C6-A6EF-73AA9EE68BE6}.Debug|x86.Build.0 = Debug|Win32
		{80EAB356-6903-42C6-A6EF-73AA9EE68BE6}.Release|x64.ActiveCfg = Release|x64
		{80EAB356-6903-42C6-A6EF-73AA9EE68BE6}.Release|x64.Build.0 = Release|x64
		{80EAB356-6903-42C6-A6EF-73AA9EE68BE6}.Release|x86.ActiveCfg = Release|Win32
		{80EAB356-6903-42C6-A6EF-73AA9EE68BE6}.Release|x86.Build.0 = Release|Win32
		{19E3B15B-2CE3-48FF-9689-00499F68140C}.Debug|x64.ActiveCfg = Debug|x64
		{19E3B15B-2CE3-48FF-9689-00499F68140C}.Debug|x64.Build.0 = Debug|x64
		{19E3B15B-2CE3-48FF-9689-00499F68140C}.Debug|x86.ActiveCfg = Debug|Win32
		{19E3B15B-2CE3-48FF-9689-00499F68140C}.Debug|x86.Build.0 = Debug|Win32
		{19E3B15B-2CE3-48FF-9689-00499F68140C}.Release|x64.ActiveCfg = Release|x64
		{19E3B15B-2CE3-48FF-9689-00499F68140C}.Release|x64.Build.0 = Release|x64
		{19E3B15B-2CE3-48FF-9689-00499F68140C}.Release|x86.ActiveCfg = Release|Win32
		{19E3B15B-2CE3-48FF-9689-00499F68140C}.Release|x86.Build.0 = Release|Win32
		{6D0663C1-C702-4535-A045-E5FAB69B9B41}.Debug|x64.ActiveCfg = Debug|x64
		{6D0663C1-C702-4535-A045-E5FAB69B9B41}.Debug|x64.Build.0 = Debug|x64
		{6D0663C1-C702-4535-A045-E5FAB69B9B41}.Debug|x86.ActiveCfg = Debug|Win32
		{6D0663C1-C702-4535-A045-E5FAB69B9B41}.Debug|x86.Build.0 = Debug|Win32
		{6D0663C1-C702-4535-A045-E5FAB69B9B41}.Release|x64.ActiveCfg = Release|x64
		{6D0663C1-C702-4535-A045-E5FAB69B9B41}.Release|x64.Build.0 = Release|x64
		{6D0663C1-C702-4535-A045-E5FAB69B9B41}.Release|x86.ActiveCfg = Release|Win32
		{6D0663C1-C702-4535-A045-E5FAB69B9B41}.Release|x86.Build.0 = Release|Win32
		{381C53CD-5AFC-4F85-BCEB-69DF1D41430A}.Debug|x64.ActiveCfg = Debug|x64
		{381C53CD-5AFC-4F85-BCEB-69DF1D41430A}.Debug|x64.Build.0 = Debug|x64
		{381C53CD-5AFC-4F85-BCEB-69DF1D41430A}.Debug|x86.ActiveCfg = Debug|Win32
		{381C53CD-5AFC-4F85-BCEB-69DF1D41430A}.Debug|x86.Build.0 = Debug|Win32
		{381C53CD-5AFC-4F85-BCEB-69DF1D41430A}.Release|x64.ActiveCfg = Release|x64
		{381C53CD-5AFC-4F85-BCEB-69DF1D41430A}.Release|x64.Build.0 = Release|x64
		{381C53CD-5AFC-4F85-BCEB-69DF1D41430A}.Release|x86.ActiveCfg = Release|Win32
		{381C53CD-5AFC-4F85-BCEB-69DF1D41430A}.Release|x86.Build.0 = Release|Win32
		{D3DE6F69-7050-4AB9-934E-048E250D2397}.Debug|x64.ActiveCfg = Debug|x64
		{D3DE6F69-7050-4AB9-934E-048E250D2397}.Debug|x64.Build.0 = Debug|x64
		{D3DE6F69-7050-4AB9-934E-048E250D2397}.Debug|x86.ActiveCfg = Debug|Win32
		{D3DE6F69-7050-4AB9-934E-048E250D2397}.Debug|x86.Build.0 = Debug|Win32
		{D3DE6F69-7050-4AB9-934E-048E250D2397}.Release|x64.ActiveCfg = Release|x64
		{D3DE6F69-7050-4AB9-934E-048E250D2397}.Release|x64.Build.0 = Release|x64
		{D3DE6F69-7050-4AB9-934E-048E250D2397}.Release|x86.ActiveCfg = Release|Win32
		{D3DE6F69-7050-4AB9-934E-048E250D2397}.Release|x86.Build.0 = Release|Win32
		{41B904B4-8EFD-4BB3-8C33-13E37DB9DD81}.Debug|x64.ActiveCfg = Debug|x64
		{41B904B4-8EFD-4BB3-8C33-13E37DB9DD81}.Debug|x64.Build.0 = Debug|x64
		{41B904B4-8EFD-4BB3-8C33-13E37DB9DD81}.Debug|x86.ActiveCfg = Debug|Win32
		{41B904B4-8EFD-4BB3-8C33-13E37DB9DD81}.Debug|x86.Build.0 = Debug|Win32
		{41B904B4-8EFD-4BB3-8C33-13E37DB9DD81}.Release|x64.ActiveCfg = Release|x64
		{41B904B4-8EFD-4BB3-8C33-13E37DB9DD81}.Release|x64.Build.0 = Release|x64
		{41B904B4-8EFD-4BB3-8C33-13E37DB9DD81}.Release|x86.ActiveCfg = Release|Win32
		{41B904B4-8EFD-4BB3-8C33-13E37DB9DD81}.Release|x86.Build.0 = Release|Win32
		{A39AE0C9-9B11-49C9-9851-DEFD478D703D}.Debug|x64.ActiveCfg = Debug|x64
		{A39AE0C9-9B11-49C9-9851-DEFD478D703D}.Debug|x64.Build.0 = Debug|x64
		{A39AE0C9-9B11-49C9-9851-DEFD478D703D}.Debug|x86.ActiveCfg = Debug|Win32
		{A39AE0C9-9B11-49C9-9851-DEFD478D703D}.Debug|x86.Build.0 = Debug|Win32
		{A39AE0C9-9B11-49C9-9851-DEFD478D703D}.Release|x64.ActiveCfg = Release|x64
		{A39AE0C9-9B11-49C9-9851-DEFD478D703D}.Release|x64.Build.0 = Release|x64
		{A39AE0C9-9B11-49C9-9851-DEFD478D703D}.Release|x86.ActiveCfg = Release|Win32
		{A39AE0C9-9B11-49C9-9851-DEFD478D703D}.Release|x86.Build.0 = Release|Win32
		{824CA2E7-AE0D-40DC-99A5-5ABAAA324C6E}.Debug|x64.ActiveCfg = Debug|x64
		{824CA2E7-AE0D-40DC-99A5-5ABAAA324C6E}.Debug|x64.Build.0 = Debug|x64
		{824CA2E7-AE0D-40DC-99A5-5ABAAA324C6E}.Debug|x86.ActiveCfg = Debug|Win32
		{824CA2E7-AE0D-40DC-99A5-5ABAAA324C6E}.Debug|x86.Build.0 = Debug|Win32
		{824CA2E7-AE0D-40DC-99A5-5ABAAA324C6E}.Release|x64.ActiveCfg = Release|x64
		{824CA2E7-AE0D-40DC-99A5-5ABAAA324C6E}.Release|x64.Build.0 = Release|x64
		{824CA2E7-AE0D-40DC-99A5-5ABAAA324C6E}.Release|x86.ActiveCfg = Release|Win32
		{824CA2E7-AE0D-40DC-99A5-5ABAAA324C6E}.Release|x86.Build.0 = Release|Win32
		{905998E0-0E5E-4FB9-8323-D2EEB59C31E1}.Debug|x64.ActiveCfg = Debug|x64
		{905998E0-0E5E-4FB9-8323-D2EEB59C31E1}.Debug|x64.Build.0 = Debug|x64
		{905998E0-0E5E-4FB9-8323-D2EEB59C31E1}.Debug|x86.ActiveCfg = Debug|Win32
		{905998E0-0E5E-4FB9-8323-D2EEB59C31E1}.Debug|x86.Build.0 = Debug|Win32
		{905998E0-0E5E-4FB9-8323-D2EEB59C31E1}.Release|x64.ActiveCfg = Release|x64
		{905998E0-0E5E-4FB9-8323-D2EEB59C31E1}.Release|x64.Build.0 = Release|x64
		{905998E0-0E5E-4FB9-8323-D2EEB59C31E1}.Release|x86.ActiveCfg = Release|Win32
		{905998E0-0E5E-4FB9-8323-D2EEB59C31E1}.Release|x86.Build.0 = Release|Win32
		{D09E8341-428E-469B-85BB-68D949507855}.Debug|x64.ActiveCfg = Debug|x64
		{D09E8341-428E-469B-85BB-68D949507855}.Debug|x64.Build.0 = Debug|x64
		{D09E8341-428E-469B-85BB-68D949507855}.Debug|x86.ActiveCfg = Debug|Win32
		{D09E8341-428E-469B-85BB-68D949507855}.Debug|x86.Build.0 = Debug|Win32
		{D09E8341-428E-469B-85BB-68D949507855}.Release|x64.ActiveCfg = Release|x64
		{D09E8341-428E-469B-85BB-68D949507855}.Release|x64.Build.0 = Release|x64
		{D09E8341-428E-469B-85BB-68D949507855}.Release|x86.ActiveCfg = Release|Win32
		{D09E8341-428E-469B-85BB-68D949507855}.Release|x86.Build.0 = Release|Win32
		{4E71ABD8-A13E-4175-AF54-8E2E2610F837}.Debug|x64.ActiveCfg = Debug|x64
		{4E71ABD8-A13E-4175-AF54-8E2E2610F837}.Debug|x64.Build.0 = Debug|x64
		{4E71ABD8-A13E-4175-AF54-8E2E2610F837}.Debug|x86.ActiveCfg = Debug|Win32
		{4E71ABD8-A13E-4175-AF54-8E2E2610F837}.Debug|x86.Build.0 = Debug|Win32
		{4E71ABD8-A13E-4175-AF54-8E2E2610F837}.Release|x64.ActiveCfg = Release|x64
		{4E71ABD8-A13E-4175-AF54-8E2E2610F837}.Release|x64.Build.0 = Release|x64
		{4E71ABD8-A13E-4175-AF54-8E2E2610F837}.Release|x86.ActiveCfg = Release|Win32
		{4E71ABD8-A13E-4175-AF54-8E2E2610F837}.Release|x86.Build.0 = Release|Win32
		{A15AD058-4FF3-4079-A227-D6B8F76299AA}.Debug|x64.ActiveCfg = Debug|x64
		{A15AD058-4FF3-4079-A227-D6B8F76299AA}.Debug|x64.Build.0 = Debug|x64
		{A15AD058-4FF3-4079-A227-D6B8F76299AA}.Debug|x86.ActiveCfg = Debug|Win32
		{A15AD058-4FF3-4079-A227-D6B8F76299AA}.Debug|x86.Build.0 = Debug|Win32
		{A15AD058-4FF3-4079-A227-D6B8F76299AA}.Release|x64.ActiveCfg = Release|x64
		{A15AD058-4FF3-4079-A227-D6B8F76299AA}.Release|x64.Build.0 = Release|x64
		{A15AD058-4FF3-4079-A227-D6B8F76299AA}.Release|x86.ActiveCfg = Release|Win32
		{A15AD058-4FF3-4079-A227-D6B8F76299AA}.Release|x86.Build.0 = Release|Win32
	EndGlobalSection
	GlobalSection(SolutionProperties) = preSolution
		HideSolutionNode = FALSE
	EndGlobalSection
	GlobalSection(ExtensibilityGlobals) = postSolution
		SolutionGuid = {F7D96F42-F717-411B-8EE5-A07389276AEB}
	EndGlobalSection
EndGlobal
