
Microsoft Visual Studio Solution File, Format Version 12.00
# Visual Studio Version 16
VisualStudioVersion = 16.0.31321.278
MinimumVisualStudioVersion = 10.0.40219.1
Project("{8BC9CEB8-8B4A-11D0-8D11-00A0C91BC942}") = "Score Project", "Score Project\Score Project.vcxproj", "{75F68F8A-6BC5-4685-A628-D70BF5695304}"
EndProject
Project("{8BC9CEB8-8B4A-11D0-8D11-00A0C91BC942}") = "Step1", "Step1\Step1.vcxproj", "{E1FA2413-D657-4DC6-B500-B62464C7BF0F}"
EndProject
Project("{8BC9CEB8-8B4A-11D0-8D11-00A0C91BC942}") = "Step2", "Step2\Step2.vcxproj", "{CC0652AE-0B1F-4F16-B3D4-AF18F33D1438}"
EndProject
Project("{8BC9CEB8-8B4A-11D0-8D11-00A0C91BC942}") = "Step3", "Step3\Step3.vcxproj", "{273C835B-7B93-4CF5-B860-FA7501E3C6B6}"
EndProject
Project("{8BC9CEB8-8B4A-11D0-8D11-00A0C91BC942}") = "Step4", "Step4\Step4.vcxproj", "{863A2F45-4FC5-4722-B885-5CEFB0C06118}"
EndProject
Project("{8BC9CEB8-8B4A-11D0-8D11-00A0C91BC942}") = "Step5", "Step5\Step5.vcxproj", "{A6CD2442-E372-462F-B6CA-E802D7308CAA}"
EndProject
Project("{8BC9CEB8-8B4A-11D0-8D11-00A0C91BC942}") = "Step6", "Step6\Step6.vcxproj", "{6E725BA4-921F-4DE2-9AAB-D91C4CEEBDDA}"
EndProject
Project("{8BC9CEB8-8B4A-11D0-8D11-00A0C91BC942}") = "Step7", "Step7\Step7.vcxproj", "{9BD3E78F-D0E9-4322-93E5-43B186B0168E}"
EndProject
Project("{8BC9CEB8-8B4A-11D0-8D11-00A0C91BC942}") = "Bank", "Bank\Bank.vcxproj", "{A6A1BA19-B066-4348-AC41-048AF1B7DA69}"
EndProject
Global
	GlobalSection(SolutionConfigurationPlatforms) = preSolution
		Debug|x64 = Debug|x64
		Debug|x86 = Debug|x86
		Release|x64 = Release|x64
		Release|x86 = Release|x86
	EndGlobalSection
	GlobalSection(ProjectConfigurationPlatforms) = postSolution
		{75F68F8A-6BC5-4685-A628-D70BF5695304}.Debug|x64.ActiveCfg = Debug|x64
		{75F68F8A-6BC5-4685-A628-D70BF5695304}.Debug|x64.Build.0 = Debug|x64
		{75F68F8A-6BC5-4685-A628-D70BF5695304}.Debug|x86.ActiveCfg = Debug|Win32
		{75F68F8A-6BC5-4685-A628-D70BF5695304}.Debug|x86.Build.0 = Debug|Win32
		{75F68F8A-6BC5-4685-A628-D70BF5695304}.Release|x64.ActiveCfg = Release|x64
		{75F68F8A-6BC5-4685-A628-D70BF5695304}.Release|x64.Build.0 = Release|x64
		{75F68F8A-6BC5-4685-A628-D70BF5695304}.Release|x86.ActiveCfg = Release|Win32
		{75F68F8A-6BC5-4685-A628-D70BF5695304}.Release|x86.Build.0 = Release|Win32
		{E1FA2413-D657-4DC6-B500-B62464C7BF0F}.Debug|x64.ActiveCfg = Debug|x64
		{E1FA2413-D657-4DC6-B500-B62464C7BF0F}.Debug|x64.Build.0 = Debug|x64
		{E1FA2413-D657-4DC6-B500-B62464C7BF0F}.Debug|x86.ActiveCfg = Debug|Win32
		{E1FA2413-D657-4DC6-B500-B62464C7BF0F}.Debug|x86.Build.0 = Debug|Win32
		{E1FA2413-D657-4DC6-B500-B62464C7BF0F}.Release|x64.ActiveCfg = Release|x64
		{E1FA2413-D657-4DC6-B500-B62464C7BF0F}.Release|x64.Build.0 = Release|x64
		{E1FA2413-D657-4DC6-B500-B62464C7BF0F}.Release|x86.ActiveCfg = Release|Win32
		{E1FA2413-D657-4DC6-B500-B62464C7BF0F}.Release|x86.Build.0 = Release|Win32
		{CC0652AE-0B1F-4F16-B3D4-AF18F33D1438}.Debug|x64.ActiveCfg = Debug|x64
		{CC0652AE-0B1F-4F16-B3D4-AF18F33D1438}.Debug|x64.Build.0 = Debug|x64
		{CC0652AE-0B1F-4F16-B3D4-AF18F33D1438}.Debug|x86.ActiveCfg = Debug|Win32
		{CC0652AE-0B1F-4F16-B3D4-AF18F33D1438}.Debug|x86.Build.0 = Debug|Win32
		{CC0652AE-0B1F-4F16-B3D4-AF18F33D1438}.Release|x64.ActiveCfg = Release|x64
		{CC0652AE-0B1F-4F16-B3D4-AF18F33D1438}.Release|x64.Build.0 = Release|x64
		{CC0652AE-0B1F-4F16-B3D4-AF18F33D1438}.Release|x86.ActiveCfg = Release|Win32
		{CC0652AE-0B1F-4F16-B3D4-AF18F33D1438}.Release|x86.Build.0 = Release|Win32
		{273C835B-7B93-4CF5-B860-FA7501E3C6B6}.Debug|x64.ActiveCfg = Debug|x64
		{273C835B-7B93-4CF5-B860-FA7501E3C6B6}.Debug|x64.Build.0 = Debug|x64
		{273C835B-7B93-4CF5-B860-FA7501E3C6B6}.Debug|x86.ActiveCfg = Debug|Win32
		{273C835B-7B93-4CF5-B860-FA7501E3C6B6}.Debug|x86.Build.0 = Debug|Win32
		{273C835B-7B93-4CF5-B860-FA7501E3C6B6}.Release|x64.ActiveCfg = Release|x64
		{273C835B-7B93-4CF5-B860-FA7501E3C6B6}.Release|x64.Build.0 = Release|x64
		{273C835B-7B93-4CF5-B860-FA7501E3C6B6}.Release|x86.ActiveCfg = Release|Win32
		{273C835B-7B93-4CF5-B860-FA7501E3C6B6}.Release|x86.Build.0 = Release|Win32
		{863A2F45-4FC5-4722-B885-5CEFB0C06118}.Debug|x64.ActiveCfg = Debug|x64
		{863A2F45-4FC5-4722-B885-5CEFB0C06118}.Debug|x64.Build.0 = Debug|x64
		{863A2F45-4FC5-4722-B885-5CEFB0C06118}.Debug|x86.ActiveCfg = Debug|Win32
		{863A2F45-4FC5-4722-B885-5CEFB0C06118}.Debug|x86.Build.0 = Debug|Win32
		{863A2F45-4FC5-4722-B885-5CEFB0C06118}.Release|x64.ActiveCfg = Release|x64
		{863A2F45-4FC5-4722-B885-5CEFB0C06118}.Release|x64.Build.0 = Release|x64
		{863A2F45-4FC5-4722-B885-5CEFB0C06118}.Release|x86.ActiveCfg = Release|Win32
		{863A2F45-4FC5-4722-B885-5CEFB0C06118}.Release|x86.Build.0 = Release|Win32
		{A6CD2442-E372-462F-B6CA-E802D7308CAA}.Debug|x64.ActiveCfg = Debug|x64
		{A6CD2442-E372-462F-B6CA-E802D7308CAA}.Debug|x64.Build.0 = Debug|x64
		{A6CD2442-E372-462F-B6CA-E802D7308CAA}.Debug|x86.ActiveCfg = Debug|Win32
		{A6CD2442-E372-462F-B6CA-E802D7308CAA}.Debug|x86.Build.0 = Debug|Win32
		{A6CD2442-E372-462F-B6CA-E802D7308CAA}.Release|x64.ActiveCfg = Release|x64
		{A6CD2442-E372-462F-B6CA-E802D7308CAA}.Release|x64.Build.0 = Release|x64
		{A6CD2442-E372-462F-B6CA-E802D7308CAA}.Release|x86.ActiveCfg = Release|Win32
		{A6CD2442-E372-462F-B6CA-E802D7308CAA}.Release|x86.Build.0 = Release|Win32
		{6E725BA4-921F-4DE2-9AAB-D91C4CEEBDDA}.Debug|x64.ActiveCfg = Debug|x64
		{6E725BA4-921F-4DE2-9AAB-D91C4CEEBDDA}.Debug|x64.Build.0 = Debug|x64
		{6E725BA4-921F-4DE2-9AAB-D91C4CEEBDDA}.Debug|x86.ActiveCfg = Debug|Win32
		{6E725BA4-921F-4DE2-9AAB-D91C4CEEBDDA}.Debug|x86.Build.0 = Debug|Win32
		{6E725BA4-921F-4DE2-9AAB-D91C4CEEBDDA}.Release|x64.ActiveCfg = Release|x64
		{6E725BA4-921F-4DE2-9AAB-D91C4CEEBDDA}.Release|x64.Build.0 = Release|x64
		{6E725BA4-921F-4DE2-9AAB-D91C4CEEBDDA}.Release|x86.ActiveCfg = Release|Win32
		{6E725BA4-921F-4DE2-9AAB-D91C4CEEBDDA}.Release|x86.Build.0 = Release|Win32
		{9BD3E78F-D0E9-4322-93E5-43B186B0168E}.Debug|x64.ActiveCfg = Debug|x64
		{9BD3E78F-D0E9-4322-93E5-43B186B0168E}.Debug|x64.Build.0 = Debug|x64
		{9BD3E78F-D0E9-4322-93E5-43B186B0168E}.Debug|x86.ActiveCfg = Debug|Win32
		{9BD3E78F-D0E9-4322-93E5-43B186B0168E}.Debug|x86.Build.0 = Debug|Win32
		{9BD3E78F-D0E9-4322-93E5-43B186B0168E}.Release|x64.ActiveCfg = Release|x64
		{9BD3E78F-D0E9-4322-93E5-43B186B0168E}.Release|x64.Build.0 = Release|x64
		{9BD3E78F-D0E9-4322-93E5-43B186B0168E}.Release|x86.ActiveCfg = Release|Win32
		{9BD3E78F-D0E9-4322-93E5-43B186B0168E}.Release|x86.Build.0 = Release|Win32
		{A6A1BA19-B066-4348-AC41-048AF1B7DA69}.Debug|x64.ActiveCfg = Debug|x64
		{A6A1BA19-B066-4348-AC41-048AF1B7DA69}.Debug|x64.Build.0 = Debug|x64
		{A6A1BA19-B066-4348-AC41-048AF1B7DA69}.Debug|x86.ActiveCfg = Debug|Win32
		{A6A1BA19-B066-4348-AC41-048AF1B7DA69}.Debug|x86.Build.0 = Debug|Win32
		{A6A1BA19-B066-4348-AC41-048AF1B7DA69}.Release|x64.ActiveCfg = Release|x64
		{A6A1BA19-B066-4348-AC41-048AF1B7DA69}.Release|x64.Build.0 = Release|x64
		{A6A1BA19-B066-4348-AC41-048AF1B7DA69}.Release|x86.ActiveCfg = Release|Win32
		{A6A1BA19-B066-4348-AC41-048AF1B7DA69}.Release|x86.Build.0 = Release|Win32
	EndGlobalSection
	GlobalSection(SolutionProperties) = preSolution
		HideSolutionNode = FALSE
	EndGlobalSection
	GlobalSection(ExtensibilityGlobals) = postSolution
		SolutionGuid = {0E1C139E-88CD-461B-94B3-A5368D012BA8}
	EndGlobalSection
EndGlobal
