
Microsoft Visual Studio Solution File, Format Version 12.00
# Visual Studio Version 16
VisualStudioVersion = 16.0.31321.278
MinimumVisualStudioVersion = 10.0.40219.1
Project("{8BC9CEB8-8B4A-11D0-8D11-00A0C91BC942}") = "Exam_01", "Exam_01\Exam_01.vcxproj", "{D713069D-1BC5-401D-BF27-0A39D80E3B3B}"
EndProject
Project("{8BC9CEB8-8B4A-11D0-8D11-00A0C91BC942}") = "Exam_02", "Exam_02\Exam_02.vcxproj", "{7078EBC4-67A0-4B52-BEC4-219D59DF3B9C}"
EndProject
Project("{8BC9CEB8-8B4A-11D0-8D11-00A0C91BC942}") = "Exam_03", "Exam_03\Exam_03.vcxproj", "{DDDDEFDF-2FBE-40B4-AA1E-2CEC885DAD6F}"
EndProject
Project("{8BC9CEB8-8B4A-11D0-8D11-00A0C91BC942}") = "Exam_04", "Exam_04\Exam_04.vcxproj", "{E2EF6FDD-BB32-4859-BD29-41F0374B4A53}"
EndProject
Project("{8BC9CEB8-8B4A-11D0-8D11-00A0C91BC942}") = "Exam_05", "Exam_05\Exam_05.vcxproj", "{7F713376-E62C-41CD-B5B9-45F4A8A5AEB7}"
EndProject
Project("{8BC9CEB8-8B4A-11D0-8D11-00A0C91BC942}") = "Exam_06", "Exam_06\Exam_06.vcxproj", "{0E067450-7412-4175-A4B9-6F45EAEC4E28}"
EndProject
Project("{8BC9CEB8-8B4A-11D0-8D11-00A0C91BC942}") = "Exam_07", "Exam_07\Exam_07.vcxproj", "{E25DFC33-DC3D-4400-B6EE-3053B5E15535}"
EndProject
Project("{8BC9CEB8-8B4A-11D0-8D11-00A0C91BC942}") = "Exam_08", "Exam_08\Exam_08.vcxproj", "{39078445-CF47-48C7-812C-99EFA1DAE3DE}"
EndProject
Project("{8BC9CEB8-8B4A-11D0-8D11-00A0C91BC942}") = "Exam_09", "Exam_09\Exam_09.vcxproj", "{55B625F8-60C2-49BC-8A88-7113B61A87BF}"
EndProject
Project("{8BC9CEB8-8B4A-11D0-8D11-00A0C91BC942}") = "Exam_10", "Exam_10\Exam_10.vcxproj", "{EEBB5A42-26E9-4AFC-B382-183AEB99854E}"
EndProject
Project("{8BC9CEB8-8B4A-11D0-8D11-00A0C91BC942}") = "Exam_11", "Exam_11\Exam_11.vcxproj", "{37539F4E-3E83-4208-A099-E34C13D62532}"
EndProject
Project("{8BC9CEB8-8B4A-11D0-8D11-00A0C91BC942}") = "Exam_12", "Exam_12\Exam_12.vcxproj", "{D33867AB-2EC7-402C-9911-59189159D4B8}"
EndProject
Project("{8BC9CEB8-8B4A-11D0-8D11-00A0C91BC942}") = "Exam_13", "Exam_13\Exam_13.vcxproj", "{1D5FDC2D-CA03-456C-A8F1-F8689CF86743}"
EndProject
Project("{8BC9CEB8-8B4A-11D0-8D11-00A0C91BC942}") = "Exam_14", "Exam_14\Exam_14.vcxproj", "{041CF1F0-8C78-4565-9A88-DBB1836575A6}"
EndProject
Project("{8BC9CEB8-8B4A-11D0-8D11-00A0C91BC942}") = "Exam_15", "Exam_15\Exam_15.vcxproj", "{ED4EE930-55BB-4F07-9C3C-E113884E5FED}"
EndProject
Project("{8BC9CEB8-8B4A-11D0-8D11-00A0C91BC942}") = "Exam_16", "Exam_16\Exam_16.vcxproj", "{4F709FA1-1E71-4776-9FBA-0A91D85F5B75}"
EndProject
Project("{8BC9CEB8-8B4A-11D0-8D11-00A0C91BC942}") = "Exam_17", "Exam_17\Exam_17.vcxproj", "{B018FC4F-7FE9-4985-A52E-16943074F8A1}"
EndProject
Project("{8BC9CEB8-8B4A-11D0-8D11-00A0C91BC942}") = "Exam_18", "Exam_18\Exam_18.vcxproj", "{0792E90C-3C03-4972-AA40-D12ECF8ABCDD}"
EndProject
Project("{8BC9CEB8-8B4A-11D0-8D11-00A0C91BC942}") = "Exam_19", "Exam_19\Exam_19.vcxproj", "{179239F8-F1BF-4EDA-A7C1-F1CDA039F690}"
EndProject
Project("{8BC9CEB8-8B4A-11D0-8D11-00A0C91BC942}") = "Exam_20", "Exam_20\Exam_20.vcxproj", "{6BF9615E-525B-47A2-B672-C6D3007AE43A}"
EndProject
Project("{8BC9CEB8-8B4A-11D0-8D11-00A0C91BC942}") = "Exam_21", "Exam_21\Exam_21.vcxproj", "{89D58182-AC67-4070-9753-A87716FD7F30}"
EndProject
Project("{8BC9CEB8-8B4A-11D0-8D11-00A0C91BC942}") = "Exam_22", "Exam_22\Exam_22.vcxproj", "{7FBCD48B-C49D-45BB-A46F-C2EB41679245}"
EndProject
Project("{8BC9CEB8-8B4A-11D0-8D11-00A0C91BC942}") = "Exam_23", "Exam_23\Exam_23.vcxproj", "{C74C85B6-90B6-443E-A7D0-E4B6A668A05F}"
EndProject
Project("{8BC9CEB8-8B4A-11D0-8D11-00A0C91BC942}") = "Exam_24", "Exam_24\Exam_24.vcxproj", "{F302EFEA-3F0A-4559-A5B5-CB969E752B5D}"
EndProject
Global
	GlobalSection(SolutionConfigurationPlatforms) = preSolution
		Debug|x64 = Debug|x64
		Debug|x86 = Debug|x86
		Release|x64 = Release|x64
		Release|x86 = Release|x86
	EndGlobalSection
	GlobalSection(ProjectConfigurationPlatforms) = postSolution
		{D713069D-1BC5-401D-BF27-0A39D80E3B3B}.Debug|x64.ActiveCfg = Debug|x64
		{D713069D-1BC5-401D-BF27-0A39D80E3B3B}.Debug|x64.Build.0 = Debug|x64
		{D713069D-1BC5-401D-BF27-0A39D80E3B3B}.Debug|x86.ActiveCfg = Debug|Win32
		{D713069D-1BC5-401D-BF27-0A39D80E3B3B}.Debug|x86.Build.0 = Debug|Win32
		{D713069D-1BC5-401D-BF27-0A39D80E3B3B}.Release|x64.ActiveCfg = Release|x64
		{D713069D-1BC5-401D-BF27-0A39D80E3B3B}.Release|x64.Build.0 = Release|x64
		{D713069D-1BC5-401D-BF27-0A39D80E3B3B}.Release|x86.ActiveCfg = Release|Win32
		{D713069D-1BC5-401D-BF27-0A39D80E3B3B}.Release|x86.Build.0 = Release|Win32
		{7078EBC4-67A0-4B52-BEC4-219D59DF3B9C}.Debug|x64.ActiveCfg = Debug|x64
		{7078EBC4-67A0-4B52-BEC4-219D59DF3B9C}.Debug|x64.Build.0 = Debug|x64
		{7078EBC4-67A0-4B52-BEC4-219D59DF3B9C}.Debug|x86.ActiveCfg = Debug|Win32
		{7078EBC4-67A0-4B52-BEC4-219D59DF3B9C}.Debug|x86.Build.0 = Debug|Win32
		{7078EBC4-67A0-4B52-BEC4-219D59DF3B9C}.Release|x64.ActiveCfg = Release|x64
		{7078EBC4-67A0-4B52-BEC4-219D59DF3B9C}.Release|x64.Build.0 = Release|x64
		{7078EBC4-67A0-4B52-BEC4-219D59DF3B9C}.Release|x86.ActiveCfg = Release|Win32
		{7078EBC4-67A0-4B52-BEC4-219D59DF3B9C}.Release|x86.Build.0 = Release|Win32
		{DDDDEFDF-2FBE-40B4-AA1E-2CEC885DAD6F}.Debug|x64.ActiveCfg = Debug|x64
		{DDDDEFDF-2FBE-40B4-AA1E-2CEC885DAD6F}.Debug|x64.Build.0 = Debug|x64
		{DDDDEFDF-2FBE-40B4-AA1E-2CEC885DAD6F}.Debug|x86.ActiveCfg = Debug|Win32
		{DDDDEFDF-2FBE-40B4-AA1E-2CEC885DAD6F}.Debug|x86.Build.0 = Debug|Win32
		{DDDDEFDF-2FBE-40B4-AA1E-2CEC885DAD6F}.Release|x64.ActiveCfg = Release|x64
		{DDDDEFDF-2FBE-40B4-AA1E-2CEC885DAD6F}.Release|x64.Build.0 = Release|x64
		{DDDDEFDF-2FBE-40B4-AA1E-2CEC885DAD6F}.Release|x86.ActiveCfg = Release|Win32
		{DDDDEFDF-2FBE-40B4-AA1E-2CEC885DAD6F}.Release|x86.Build.0 = Release|Win32
		{E2EF6FDD-BB32-4859-BD29-41F0374B4A53}.Debug|x64.ActiveCfg = Debug|x64
		{E2EF6FDD-BB32-4859-BD29-41F0374B4A53}.Debug|x64.Build.0 = Debug|x64
		{E2EF6FDD-BB32-4859-BD29-41F0374B4A53}.Debug|x86.ActiveCfg = Debug|Win32
		{E2EF6FDD-BB32-4859-BD29-41F0374B4A53}.Debug|x86.Build.0 = Debug|Win32
		{E2EF6FDD-BB32-4859-BD29-41F0374B4A53}.Release|x64.ActiveCfg = Release|x64
		{E2EF6FDD-BB32-4859-BD29-41F0374B4A53}.Release|x64.Build.0 = Release|x64
		{E2EF6FDD-BB32-4859-BD29-41F0374B4A53}.Release|x86.ActiveCfg = Release|Win32
		{E2EF6FDD-BB32-4859-BD29-41F0374B4A53}.Release|x86.Build.0 = Release|Win32
		{7F713376-E62C-41CD-B5B9-45F4A8A5AEB7}.Debug|x64.ActiveCfg = Debug|x64
		{7F713376-E62C-41CD-B5B9-45F4A8A5AEB7}.Debug|x64.Build.0 = Debug|x64
		{7F713376-E62C-41CD-B5B9-45F4A8A5AEB7}.Debug|x86.ActiveCfg = Debug|Win32
		{7F713376-E62C-41CD-B5B9-45F4A8A5AEB7}.Debug|x86.Build.0 = Debug|Win32
		{7F713376-E62C-41CD-B5B9-45F4A8A5AEB7}.Release|x64.ActiveCfg = Release|x64
		{7F713376-E62C-41CD-B5B9-45F4A8A5AEB7}.Release|x64.Build.0 = Release|x64
		{7F713376-E62C-41CD-B5B9-45F4A8A5AEB7}.Release|x86.ActiveCfg = Release|Win32
		{7F713376-E62C-41CD-B5B9-45F4A8A5AEB7}.Release|x86.Build.0 = Release|Win32
		{0E067450-7412-4175-A4B9-6F45EAEC4E28}.Debug|x64.ActiveCfg = Debug|x64
		{0E067450-7412-4175-A4B9-6F45EAEC4E28}.Debug|x64.Build.0 = Debug|x64
		{0E067450-7412-4175-A4B9-6F45EAEC4E28}.Debug|x86.ActiveCfg = Debug|Win32
		{0E067450-7412-4175-A4B9-6F45EAEC4E28}.Debug|x86.Build.0 = Debug|Win32
		{0E067450-7412-4175-A4B9-6F45EAEC4E28}.Release|x64.ActiveCfg = Release|x64
		{0E067450-7412-4175-A4B9-6F45EAEC4E28}.Release|x64.Build.0 = Release|x64
		{0E067450-7412-4175-A4B9-6F45EAEC4E28}.Release|x86.ActiveCfg = Release|Win32
		{0E067450-7412-4175-A4B9-6F45EAEC4E28}.Release|x86.Build.0 = Release|Win32
		{E25DFC33-DC3D-4400-B6EE-3053B5E15535}.Debug|x64.ActiveCfg = Debug|x64
		{E25DFC33-DC3D-4400-B6EE-3053B5E15535}.Debug|x64.Build.0 = Debug|x64
		{E25DFC33-DC3D-4400-B6EE-3053B5E15535}.Debug|x86.ActiveCfg = Debug|Win32
		{E25DFC33-DC3D-4400-B6EE-3053B5E15535}.Debug|x86.Build.0 = Debug|Win32
		{E25DFC33-DC3D-4400-B6EE-3053B5E15535}.Release|x64.ActiveCfg = Release|x64
		{E25DFC33-DC3D-4400-B6EE-3053B5E15535}.Release|x64.Build.0 = Release|x64
		{E25DFC33-DC3D-4400-B6EE-3053B5E15535}.Release|x86.ActiveCfg = Release|Win32
		{E25DFC33-DC3D-4400-B6EE-3053B5E15535}.Release|x86.Build.0 = Release|Win32
		{39078445-CF47-48C7-812C-99EFA1DAE3DE}.Debug|x64.ActiveCfg = Debug|x64
		{39078445-CF47-48C7-812C-99EFA1DAE3DE}.Debug|x64.Build.0 = Debug|x64
		{39078445-CF47-48C7-812C-99EFA1DAE3DE}.Debug|x86.ActiveCfg = Debug|Win32
		{39078445-CF47-48C7-812C-99EFA1DAE3DE}.Debug|x86.Build.0 = Debug|Win32
		{39078445-CF47-48C7-812C-99EFA1DAE3DE}.Release|x64.ActiveCfg = Release|x64
		{39078445-CF47-48C7-812C-99EFA1DAE3DE}.Release|x64.Build.0 = Release|x64
		{39078445-CF47-48C7-812C-99EFA1DAE3DE}.Release|x86.ActiveCfg = Release|Win32
		{39078445-CF47-48C7-812C-99EFA1DAE3DE}.Release|x86.Build.0 = Release|Win32
		{55B625F8-60C2-49BC-8A88-7113B61A87BF}.Debug|x64.ActiveCfg = Debug|x64
		{55B625F8-60C2-49BC-8A88-7113B61A87BF}.Debug|x64.Build.0 = Debug|x64
		{55B625F8-60C2-49BC-8A88-7113B61A87BF}.Debug|x86.ActiveCfg = Debug|Win32
		{55B625F8-60C2-49BC-8A88-7113B61A87BF}.Debug|x86.Build.0 = Debug|Win32
		{55B625F8-60C2-49BC-8A88-7113B61A87BF}.Release|x64.ActiveCfg = Release|x64
		{55B625F8-60C2-49BC-8A88-7113B61A87BF}.Release|x64.Build.0 = Release|x64
		{55B625F8-60C2-49BC-8A88-7113B61A87BF}.Release|x86.ActiveCfg = Release|Win32
		{55B625F8-60C2-49BC-8A88-7113B61A87BF}.Release|x86.Build.0 = Release|Win32
		{EEBB5A42-26E9-4AFC-B382-183AEB99854E}.Debug|x64.ActiveCfg = Debug|x64
		{EEBB5A42-26E9-4AFC-B382-183AEB99854E}.Debug|x64.Build.0 = Debug|x64
		{EEBB5A42-26E9-4AFC-B382-183AEB99854E}.Debug|x86.ActiveCfg = Debug|Win32
		{EEBB5A42-26E9-4AFC-B382-183AEB99854E}.Debug|x86.Build.0 = Debug|Win32
		{EEBB5A42-26E9-4AFC-B382-183AEB99854E}.Release|x64.ActiveCfg = Release|x64
		{EEBB5A42-26E9-4AFC-B382-183AEB99854E}.Release|x64.Build.0 = Release|x64
		{EEBB5A42-26E9-4AFC-B382-183AEB99854E}.Release|x86.ActiveCfg = Release|Win32
		{EEBB5A42-26E9-4AFC-B382-183AEB99854E}.Release|x86.Build.0 = Release|Win32
		{37539F4E-3E83-4208-A099-E34C13D62532}.Debug|x64.ActiveCfg = Debug|x64
		{37539F4E-3E83-4208-A099-E34C13D62532}.Debug|x64.Build.0 = Debug|x64
		{37539F4E-3E83-4208-A099-E34C13D62532}.Debug|x86.ActiveCfg = Debug|Win32
		{37539F4E-3E83-4208-A099-E34C13D62532}.Debug|x86.Build.0 = Debug|Win32
		{37539F4E-3E83-4208-A099-E34C13D62532}.Release|x64.ActiveCfg = Release|x64
		{37539F4E-3E83-4208-A099-E34C13D62532}.Release|x64.Build.0 = Release|x64
		{37539F4E-3E83-4208-A099-E34C13D62532}.Release|x86.ActiveCfg = Release|Win32
		{37539F4E-3E83-4208-A099-E34C13D62532}.Release|x86.Build.0 = Release|Win32
		{D33867AB-2EC7-402C-9911-59189159D4B8}.Debug|x64.ActiveCfg = Debug|x64
		{D33867AB-2EC7-402C-9911-59189159D4B8}.Debug|x64.Build.0 = Debug|x64
		{D33867AB-2EC7-402C-9911-59189159D4B8}.Debug|x86.ActiveCfg = Debug|Win32
		{D33867AB-2EC7-402C-9911-59189159D4B8}.Debug|x86.Build.0 = Debug|Win32
		{D33867AB-2EC7-402C-9911-59189159D4B8}.Release|x64.ActiveCfg = Release|x64
		{D33867AB-2EC7-402C-9911-59189159D4B8}.Release|x64.Build.0 = Release|x64
		{D33867AB-2EC7-402C-9911-59189159D4B8}.Release|x86.ActiveCfg = Release|Win32
		{D33867AB-2EC7-402C-9911-59189159D4B8}.Release|x86.Build.0 = Release|Win32
		{1D5FDC2D-CA03-456C-A8F1-F8689CF86743}.Debug|x64.ActiveCfg = Debug|x64
		{1D5FDC2D-CA03-456C-A8F1-F8689CF86743}.Debug|x64.Build.0 = Debug|x64
		{1D5FDC2D-CA03-456C-A8F1-F8689CF86743}.Debug|x86.ActiveCfg = Debug|Win32
		{1D5FDC2D-CA03-456C-A8F1-F8689CF86743}.Debug|x86.Build.0 = Debug|Win32
		{1D5FDC2D-CA03-456C-A8F1-F8689CF86743}.Release|x64.ActiveCfg = Release|x64
		{1D5FDC2D-CA03-456C-A8F1-F8689CF86743}.Release|x64.Build.0 = Release|x64
		{1D5FDC2D-CA03-456C-A8F1-F8689CF86743}.Release|x86.ActiveCfg = Release|Win32
		{1D5FDC2D-CA03-456C-A8F1-F8689CF86743}.Release|x86.Build.0 = Release|Win32
		{041CF1F0-8C78-4565-9A88-DBB1836575A6}.Debug|x64.ActiveCfg = Debug|x64
		{041CF1F0-8C78-4565-9A88-DBB1836575A6}.Debug|x64.Build.0 = Debug|x64
		{041CF1F0-8C78-4565-9A88-DBB1836575A6}.Debug|x86.ActiveCfg = Debug|Win32
		{041CF1F0-8C78-4565-9A88-DBB1836575A6}.Debug|x86.Build.0 = Debug|Win32
		{041CF1F0-8C78-4565-9A88-DBB1836575A6}.Release|x64.ActiveCfg = Release|x64
		{041CF1F0-8C78-4565-9A88-DBB1836575A6}.Release|x64.Build.0 = Release|x64
		{041CF1F0-8C78-4565-9A88-DBB1836575A6}.Release|x86.ActiveCfg = Release|Win32
		{041CF1F0-8C78-4565-9A88-DBB1836575A6}.Release|x86.Build.0 = Release|Win32
		{ED4EE930-55BB-4F07-9C3C-E113884E5FED}.Debug|x64.ActiveCfg = Debug|x64
		{ED4EE930-55BB-4F07-9C3C-E113884E5FED}.Debug|x64.Build.0 = Debug|x64
		{ED4EE930-55BB-4F07-9C3C-E113884E5FED}.Debug|x86.ActiveCfg = Debug|Win32
		{ED4EE930-55BB-4F07-9C3C-E113884E5FED}.Debug|x86.Build.0 = Debug|Win32
		{ED4EE930-55BB-4F07-9C3C-E113884E5FED}.Release|x64.ActiveCfg = Release|x64
		{ED4EE930-55BB-4F07-9C3C-E113884E5FED}.Release|x64.Build.0 = Release|x64
		{ED4EE930-55BB-4F07-9C3C-E113884E5FED}.Release|x86.ActiveCfg = Release|Win32
		{ED4EE930-55BB-4F07-9C3C-E113884E5FED}.Release|x86.Build.0 = Release|Win32
		{4F709FA1-1E71-4776-9FBA-0A91D85F5B75}.Debug|x64.ActiveCfg = Debug|x64
		{4F709FA1-1E71-4776-9FBA-0A91D85F5B75}.Debug|x64.Build.0 = Debug|x64
		{4F709FA1-1E71-4776-9FBA-0A91D85F5B75}.Debug|x86.ActiveCfg = Debug|Win32
		{4F709FA1-1E71-4776-9FBA-0A91D85F5B75}.Debug|x86.Build.0 = Debug|Win32
		{4F709FA1-1E71-4776-9FBA-0A91D85F5B75}.Release|x64.ActiveCfg = Release|x64
		{4F709FA1-1E71-4776-9FBA-0A91D85F5B75}.Release|x64.Build.0 = Release|x64
		{4F709FA1-1E71-4776-9FBA-0A91D85F5B75}.Release|x86.ActiveCfg = Release|Win32
		{4F709FA1-1E71-4776-9FBA-0A91D85F5B75}.Release|x86.Build.0 = Release|Win32
		{B018FC4F-7FE9-4985-A52E-16943074F8A1}.Debug|x64.ActiveCfg = Debug|x64
		{B018FC4F-7FE9-4985-A52E-16943074F8A1}.Debug|x64.Build.0 = Debug|x64
		{B018FC4F-7FE9-4985-A52E-16943074F8A1}.Debug|x86.ActiveCfg = Debug|Win32
		{B018FC4F-7FE9-4985-A52E-16943074F8A1}.Debug|x86.Build.0 = Debug|Win32
		{B018FC4F-7FE9-4985-A52E-16943074F8A1}.Release|x64.ActiveCfg = Release|x64
		{B018FC4F-7FE9-4985-A52E-16943074F8A1}.Release|x64.Build.0 = Release|x64
		{B018FC4F-7FE9-4985-A52E-16943074F8A1}.Release|x86.ActiveCfg = Release|Win32
		{B018FC4F-7FE9-4985-A52E-16943074F8A1}.Release|x86.Build.0 = Release|Win32
		{0792E90C-3C03-4972-AA40-D12ECF8ABCDD}.Debug|x64.ActiveCfg = Debug|x64
		{0792E90C-3C03-4972-AA40-D12ECF8ABCDD}.Debug|x64.Build.0 = Debug|x64
		{0792E90C-3C03-4972-AA40-D12ECF8ABCDD}.Debug|x86.ActiveCfg = Debug|Win32
		{0792E90C-3C03-4972-AA40-D12ECF8ABCDD}.Debug|x86.Build.0 = Debug|Win32
		{0792E90C-3C03-4972-AA40-D12ECF8ABCDD}.Release|x64.ActiveCfg = Release|x64
		{0792E90C-3C03-4972-AA40-D12ECF8ABCDD}.Release|x64.Build.0 = Release|x64
		{0792E90C-3C03-4972-AA40-D12ECF8ABCDD}.Release|x86.ActiveCfg = Release|Win32
		{0792E90C-3C03-4972-AA40-D12ECF8ABCDD}.Release|x86.Build.0 = Release|Win32
		{179239F8-F1BF-4EDA-A7C1-F1CDA039F690}.Debug|x64.ActiveCfg = Debug|x64
		{179239F8-F1BF-4EDA-A7C1-F1CDA039F690}.Debug|x64.Build.0 = Debug|x64
		{179239F8-F1BF-4EDA-A7C1-F1CDA039F690}.Debug|x86.ActiveCfg = Debug|Win32
		{179239F8-F1BF-4EDA-A7C1-F1CDA039F690}.Debug|x86.Build.0 = Debug|Win32
		{179239F8-F1BF-4EDA-A7C1-F1CDA039F690}.Release|x64.ActiveCfg = Release|x64
		{179239F8-F1BF-4EDA-A7C1-F1CDA039F690}.Release|x64.Build.0 = Release|x64
		{179239F8-F1BF-4EDA-A7C1-F1CDA039F690}.Release|x86.ActiveCfg = Release|Win32
		{179239F8-F1BF-4EDA-A7C1-F1CDA039F690}.Release|x86.Build.0 = Release|Win32
		{6BF9615E-525B-47A2-B672-C6D3007AE43A}.Debug|x64.ActiveCfg = Debug|x64
		{6BF9615E-525B-47A2-B672-C6D3007AE43A}.Debug|x64.Build.0 = Debug|x64
		{6BF9615E-525B-47A2-B672-C6D3007AE43A}.Debug|x86.ActiveCfg = Debug|Win32
		{6BF9615E-525B-47A2-B672-C6D3007AE43A}.Debug|x86.Build.0 = Debug|Win32
		{6BF9615E-525B-47A2-B672-C6D3007AE43A}.Release|x64.ActiveCfg = Release|x64
		{6BF9615E-525B-47A2-B672-C6D3007AE43A}.Release|x64.Build.0 = Release|x64
		{6BF9615E-525B-47A2-B672-C6D3007AE43A}.Release|x86.ActiveCfg = Release|Win32
		{6BF9615E-525B-47A2-B672-C6D3007AE43A}.Release|x86.Build.0 = Release|Win32
		{89D58182-AC67-4070-9753-A87716FD7F30}.Debug|x64.ActiveCfg = Debug|x64
		{89D58182-AC67-4070-9753-A87716FD7F30}.Debug|x64.Build.0 = Debug|x64
		{89D58182-AC67-4070-9753-A87716FD7F30}.Debug|x86.ActiveCfg = Debug|Win32
		{89D58182-AC67-4070-9753-A87716FD7F30}.Debug|x86.Build.0 = Debug|Win32
		{89D58182-AC67-4070-9753-A87716FD7F30}.Release|x64.ActiveCfg = Release|x64
		{89D58182-AC67-4070-9753-A87716FD7F30}.Release|x64.Build.0 = Release|x64
		{89D58182-AC67-4070-9753-A87716FD7F30}.Release|x86.ActiveCfg = Release|Win32
		{89D58182-AC67-4070-9753-A87716FD7F30}.Release|x86.Build.0 = Release|Win32
		{7FBCD48B-C49D-45BB-A46F-C2EB41679245}.Debug|x64.ActiveCfg = Debug|x64
		{7FBCD48B-C49D-45BB-A46F-C2EB41679245}.Debug|x64.Build.0 = Debug|x64
		{7FBCD48B-C49D-45BB-A46F-C2EB41679245}.Debug|x86.ActiveCfg = Debug|Win32
		{7FBCD48B-C49D-45BB-A46F-C2EB41679245}.Debug|x86.Build.0 = Debug|Win32
		{7FBCD48B-C49D-45BB-A46F-C2EB41679245}.Release|x64.ActiveCfg = Release|x64
		{7FBCD48B-C49D-45BB-A46F-C2EB41679245}.Release|x64.Build.0 = Release|x64
		{7FBCD48B-C49D-45BB-A46F-C2EB41679245}.Release|x86.ActiveCfg = Release|Win32
		{7FBCD48B-C49D-45BB-A46F-C2EB41679245}.Release|x86.Build.0 = Release|Win32
		{C74C85B6-90B6-443E-A7D0-E4B6A668A05F}.Debug|x64.ActiveCfg = Debug|x64
		{C74C85B6-90B6-443E-A7D0-E4B6A668A05F}.Debug|x64.Build.0 = Debug|x64
		{C74C85B6-90B6-443E-A7D0-E4B6A668A05F}.Debug|x86.ActiveCfg = Debug|Win32
		{C74C85B6-90B6-443E-A7D0-E4B6A668A05F}.Debug|x86.Build.0 = Debug|Win32
		{C74C85B6-90B6-443E-A7D0-E4B6A668A05F}.Release|x64.ActiveCfg = Release|x64
		{C74C85B6-90B6-443E-A7D0-E4B6A668A05F}.Release|x64.Build.0 = Release|x64
		{C74C85B6-90B6-443E-A7D0-E4B6A668A05F}.Release|x86.ActiveCfg = Release|Win32
		{C74C85B6-90B6-443E-A7D0-E4B6A668A05F}.Release|x86.Build.0 = Release|Win32
		{F302EFEA-3F0A-4559-A5B5-CB969E752B5D}.Debug|x64.ActiveCfg = Debug|x64
		{F302EFEA-3F0A-4559-A5B5-CB969E752B5D}.Debug|x64.Build.0 = Debug|x64
		{F302EFEA-3F0A-4559-A5B5-CB969E752B5D}.Debug|x86.ActiveCfg = Debug|Win32
		{F302EFEA-3F0A-4559-A5B5-CB969E752B5D}.Debug|x86.Build.0 = Debug|Win32
		{F302EFEA-3F0A-4559-A5B5-CB969E752B5D}.Release|x64.ActiveCfg = Release|x64
		{F302EFEA-3F0A-4559-A5B5-CB969E752B5D}.Release|x64.Build.0 = Release|x64
		{F302EFEA-3F0A-4559-A5B5-CB969E752B5D}.Release|x86.ActiveCfg = Release|Win32
		{F302EFEA-3F0A-4559-A5B5-CB969E752B5D}.Release|x86.Build.0 = Release|Win32
	EndGlobalSection
	GlobalSection(SolutionProperties) = preSolution
		HideSolutionNode = FALSE
	EndGlobalSection
	GlobalSection(ExtensibilityGlobals) = postSolution
		SolutionGuid = {B701CF05-161B-40CC-BBCA-0E819780AF58}
	EndGlobalSection
EndGlobal
